// !$*UTF8*$!
{
	archiveVersion = 1;
	classes = {
	};
	objectVersion = 56;
	objects = {

/* Begin PBXBuildFile section */
		248A03CA2B87FA35009597A2 /* Rendering.swift in Sources */ = {isa = PBXBuildFile; fileRef = 248A03C92B87FA35009597A2 /* Rendering.swift */; };
		248A03CE2B87FA35009597A2 /* Rendering.appex in Embed ExtensionKit Extensions */ = {isa = PBXBuildFile; fileRef = 248A03C72B87FA35009597A2 /* Rendering.appex */; settings = {ATTRIBUTES = (RemoveHeadersOnCopy, ); }; };
		248A03D32B87FCA4009597A2 /* GeckoView.framework in Frameworks */ = {isa = PBXBuildFile; fileRef = 24B269132B85686A00678012 /* GeckoView.framework */; };
		248A03DF2B87FD1F009597A2 /* Networking.swift in Sources */ = {isa = PBXBuildFile; fileRef = 248A03DE2B87FD1F009597A2 /* Networking.swift */; };
		248A03E32B87FD1F009597A2 /* Networking.appex in Embed ExtensionKit Extensions */ = {isa = PBXBuildFile; fileRef = 248A03DC2B87FD1F009597A2 /* Networking.appex */; settings = {ATTRIBUTES = (RemoveHeadersOnCopy, ); }; };
		248A03E72B87FD2E009597A2 /* GeckoView.framework in Frameworks */ = {isa = PBXBuildFile; fileRef = 24B269132B85686A00678012 /* GeckoView.framework */; };
		24A88AD42BB54B2C0052426E /* AllowOrDeny.swift in Sources */ = {isa = PBXBuildFile; fileRef = 24A88AD32BB54B2B0052426E /* AllowOrDeny.swift */; };
		24A88AD62BB54B300052426E /* ContentDelegate.swift in Sources */ = {isa = PBXBuildFile; fileRef = 24A88AD52BB54B300052426E /* ContentDelegate.swift */; };
		24A88AD82BB54B330052426E /* EventDispatcher.swift in Sources */ = {isa = PBXBuildFile; fileRef = 24A88AD72BB54B330052426E /* EventDispatcher.swift */; };
		24A88ADA2BB54B370052426E /* GeckoRuntime.swift in Sources */ = {isa = PBXBuildFile; fileRef = 24A88AD92BB54B370052426E /* GeckoRuntime.swift */; };
		24A88ADC2BB54B3C0052426E /* GeckoSession.swift in Sources */ = {isa = PBXBuildFile; fileRef = 24A88ADB2BB54B3C0052426E /* GeckoSession.swift */; };
		24A88ADE2BB54B400052426E /* GeckoSessionHandler.swift in Sources */ = {isa = PBXBuildFile; fileRef = 24A88ADD2BB54B400052426E /* GeckoSessionHandler.swift */; };
		24A88AE02BB54B450052426E /* GeckoView.swift in Sources */ = {isa = PBXBuildFile; fileRef = 24A88ADF2BB54B450052426E /* GeckoView.swift */; };
		24A88AE22BB54B4A0052426E /* NavigationDelegate.swift in Sources */ = {isa = PBXBuildFile; fileRef = 24A88AE12BB54B490052426E /* NavigationDelegate.swift */; };
		24A88AE42BB54B4D0052426E /* PermissionDelegate.swift in Sources */ = {isa = PBXBuildFile; fileRef = 24A88AE32BB54B4D0052426E /* PermissionDelegate.swift */; };
		24A88AE62BB54B510052426E /* ProgressDelegate.swift in Sources */ = {isa = PBXBuildFile; fileRef = 24A88AE52BB54B510052426E /* ProgressDelegate.swift */; };
		24AD393C2AB8B6D10058B40E /* main.swift in Sources */ = {isa = PBXBuildFile; fileRef = 24AD393B2AB8B6D10058B40E /* main.swift */; };
		24B269162B85686A00678012 /* GeckoView.h in Headers */ = {isa = PBXBuildFile; fileRef = 24B269152B85686A00678012 /* GeckoView.h */; settings = {ATTRIBUTES = (Public, ); }; };
		24B269192B85686A00678012 /* GeckoView.framework in Frameworks */ = {isa = PBXBuildFile; fileRef = 24B269132B85686A00678012 /* GeckoView.framework */; };
		24B2691A2B85686A00678012 /* GeckoView.framework in Embed Frameworks */ = {isa = PBXBuildFile; fileRef = 24B269132B85686A00678012 /* GeckoView.framework */; settings = {ATTRIBUTES = (CodeSignOnCopy, RemoveHeadersOnCopy, ); }; };
		24B269212B85689A00678012 /* AddGecko.sh in Resources */ = {isa = PBXBuildFile; fileRef = 24F4166D2ABE0E5D00496406 /* AddGecko.sh */; };
		24B2692A2B85695700678012 /* WebContent.swift in Sources */ = {isa = PBXBuildFile; fileRef = 24B269292B85695700678012 /* WebContent.swift */; };
		24B2692E2B85695700678012 /* WebContent.appex in Embed ExtensionKit Extensions */ = {isa = PBXBuildFile; fileRef = 24B269272B85695700678012 /* WebContent.appex */; settings = {ATTRIBUTES = (RemoveHeadersOnCopy, ); }; };
		24B269332B8569E800678012 /* GeckoView.framework in Frameworks */ = {isa = PBXBuildFile; fileRef = 24B269132B85686A00678012 /* GeckoView.framework */; };
		431C639C2912F52F00ABE21B /* AppDelegate.swift in Sources */ = {isa = PBXBuildFile; fileRef = 431C639B2912F52F00ABE21B /* AppDelegate.swift */; };
		431C639E2912F52F00ABE21B /* SceneDelegate.swift in Sources */ = {isa = PBXBuildFile; fileRef = 431C639D2912F52F00ABE21B /* SceneDelegate.swift */; };
		431C63A52912F53100ABE21B /* Assets.xcassets in Resources */ = {isa = PBXBuildFile; fileRef = 431C63A42912F53100ABE21B /* Assets.xcassets */; };
		431C63A82912F53100ABE21B /* LaunchScreen.storyboard in Resources */ = {isa = PBXBuildFile; fileRef = 431C63A62912F53100ABE21B /* LaunchScreen.storyboard */; };
		8AE0D9CE2927F16300FA9C83 /* UIView+Extension.swift in Sources */ = {isa = PBXBuildFile; fileRef = 8AE0D9CD2927F16300FA9C83 /* UIView+Extension.swift */; };
		8AE0D9DC29284EAE00FA9C83 /* UIViewController+Extension.swift in Sources */ = {isa = PBXBuildFile; fileRef = 8AE0D9DB29284EAE00FA9C83 /* UIViewController+Extension.swift */; };
		2A8C08FAACF13125991D2BF0 /* AppActions.swift in Sources */ = {isa = PBXBuildFile; fileRef = 55865E9D31F07BDC91159B61 /* AppActions.swift */; };
		9DDF90E7B3D25930E1A604C5 /* AppModel.swift in Sources */ = {isa = PBXBuildFile; fileRef = 05FEB5DF9F301D479644210E /* AppModel.swift */; };
		08531C57F6AE9CFB3F06F38D /* RootView.swift in Sources */ = {isa = PBXBuildFile; fileRef = B44CE313AA25A17971434D3D /* RootView.swift */; };
		745654A74D2DB139E091C55B /* BrowserChrome.swift in Sources */ = {isa = PBXBuildFile; fileRef = B48086379AB652CAAFF1FFCF /* BrowserChrome.swift */; };
		87D52943CB0B0785007E3700 /* BrowserStore.swift in Sources */ = {isa = PBXBuildFile; fileRef = 2EFB537B2ACD37F3418B99BF /* BrowserStore.swift */; };
		66F92BE68D71E549E3119E3D /* BrowserViewController.swift in Sources */ = {isa = PBXBuildFile; fileRef = DD102532A8352496A8A66DD3 /* BrowserViewController.swift */; };
		EC237FF53FA00D8BEF67C62B /* ContainerActions.swift in Sources */ = {isa = PBXBuildFile; fileRef = 334F5916BC209448C90A38C5 /* ContainerActions.swift */; };
		F9D10089E12ADA7C5B9F5188 /* LinkMenu.swift in Sources */ = {isa = PBXBuildFile; fileRef = E5C1C5CB69764545C7C73440 /* LinkMenu.swift */; };
		0D6E1ECECBCC4569246AE330 /* MoreMenuView.swift in Sources */ = {isa = PBXBuildFile; fileRef = 436B2FAB9D0150A90F6856C2 /* MoreMenuView.swift */; };
		5C0F4823D571F83247038C8E /* SearchView.swift in Sources */ = {isa = PBXBuildFile; fileRef = 44880C2B05F1D975B7399030 /* SearchView.swift */; };
		0A7C0B92CB8E3DE5B331F7D1 /* EssentialsGridView.swift in Sources */ = {isa = PBXBuildFile; fileRef = 34A8F95CF3538D2EFD5D4E79 /* EssentialsGridView.swift */; };
		E3EE4CD98583E076519E5EE5 /* HomeDialogs.swift in Sources */ = {isa = PBXBuildFile; fileRef = 7541DDA39CFD7284E1235DBA /* HomeDialogs.swift */; };
		93614A17D7B8AD421DE37377 /* HomeRows.swift in Sources */ = {isa = PBXBuildFile; fileRef = 716E717CA1156A40797E38C0 /* HomeRows.swift */; };
		D36A11BE1469E58490DBD366 /* HomeView.swift in Sources */ = {isa = PBXBuildFile; fileRef = 6CCDC9D0DCF6597836A507E0 /* HomeView.swift */; };
		BA20CA83877B9B595748B2E2 /* WorkspacePageView.swift in Sources */ = {isa = PBXBuildFile; fileRef = 5FBB01361B74286C0B14EC90 /* WorkspacePageView.swift */; };
		98E6468191931D4E34037F12 /* Actions.swift in Sources */ = {isa = PBXBuildFile; fileRef = D43710ED2D8AD3E9BEB4D64B /* Actions.swift */; };
		CC63475B2A33310E4BBB4205 /* Containers.swift in Sources */ = {isa = PBXBuildFile; fileRef = 4DAF1F0C8E8FF3BFCA7106DE /* Containers.swift */; };
		6D744432F18B8A23143124B6 /* CustomActionExamples.swift in Sources */ = {isa = PBXBuildFile; fileRef = 9E26817BC4C522F196F192F2 /* CustomActionExamples.swift */; };
		534C8599F3835F7728D5B42B /* CustomActionRunner.swift in Sources */ = {isa = PBXBuildFile; fileRef = 6BBB5D894D566BEAA39B081D /* CustomActionRunner.swift */; };
		BA82D3E3F0AB5E2CE9C5A745 /* DejavuSettings.swift in Sources */ = {isa = PBXBuildFile; fileRef = D10992BE268D7CD2D2324031 /* DejavuSettings.swift */; };
		861E6658413A9AC3A29CD4DD /* HomeModel.swift in Sources */ = {isa = PBXBuildFile; fileRef = 11E37184140AD0D13CE4A0B8 /* HomeModel.swift */; };
		EA23AF4BCA1173551ABCCC7B /* Library.swift in Sources */ = {isa = PBXBuildFile; fileRef = EEF61A7365B7A53976BBF335 /* Library.swift */; };
		076FD9591921A657E06A0EAB /* MoreMenu.swift in Sources */ = {isa = PBXBuildFile; fileRef = 5C4C97FBE8ACF3F733DC22F3 /* MoreMenu.swift */; };
		102F9A293EB11677E355DCAF /* TabInfo.swift in Sources */ = {isa = PBXBuildFile; fileRef = FC57F6E47A6BCACC1A2ED790 /* TabInfo.swift */; };
		6909B6024061F70AA8B18195 /* Workspace.swift in Sources */ = {isa = PBXBuildFile; fileRef = A8B6D318646C3C05A8087AB0 /* Workspace.swift */; };
		8CD063BE769FCF126013858E /* WorkspaceRepository.swift in Sources */ = {isa = PBXBuildFile; fileRef = 88C96E634DEA2278110E7B44 /* WorkspaceRepository.swift */; };
		C2DA0EF96AD2774176459A99 /* ZenIcons.swift in Sources */ = {isa = PBXBuildFile; fileRef = 2E19D528490921D6C6F4EFFC /* ZenIcons.swift */; };
		D6E41FFB6B95CD674740FC71 /* ContainersSettingsView.swift in Sources */ = {isa = PBXBuildFile; fileRef = B774D161ACB3F4905E383095 /* ContainersSettingsView.swift */; };
		D0E78DC49A201A07B8C0BDF6 /* CustomActionEditorView.swift in Sources */ = {isa = PBXBuildFile; fileRef = F06E9D1F6EA3A1A582CEB453 /* CustomActionEditorView.swift */; };
		365D240BD664D881C3933071 /* ExternalLinksSettingsView.swift in Sources */ = {isa = PBXBuildFile; fileRef = 9AB83481AA39939888BBAFFE /* ExternalLinksSettingsView.swift */; };
		28985A4C292952CE6CF56D61 /* GeneralSettingsViews.swift in Sources */ = {isa = PBXBuildFile; fileRef = 4226C1132EA1DC8570273FAB /* GeneralSettingsViews.swift */; };
		73214A1120F1378835E49E0E /* L10n+Settings.swift in Sources */ = {isa = PBXBuildFile; fileRef = 823D3FB1CB964207B409DCF7 /* L10n+Settings.swift */; };
		D9DC6F61326EFE29300F86F7 /* MoreMenuEditorView.swift in Sources */ = {isa = PBXBuildFile; fileRef = 3C858560B2A5165C6687F160 /* MoreMenuEditorView.swift */; };
		FE5BFC18F91244ED3D9B3DF6 /* SettingsView.swift in Sources */ = {isa = PBXBuildFile; fileRef = 90B95B3E9F62D6EB7C4A3FFF /* SettingsView.swift */; };
		86C78AA1316ABD802698F674 /* TabActionsSettingsView.swift in Sources */ = {isa = PBXBuildFile; fileRef = D74A87542C9DD36FD7E2317D /* TabActionsSettingsView.swift */; };
		A94529C47A0061C00F06A2D1 /* L10n+Generated.swift in Sources */ = {isa = PBXBuildFile; fileRef = EF3AFE22CE384BAD16B7EE1D /* L10n+Generated.swift */; };
		74BB51E9869B497AB8532943 /* L10n+iOS.swift in Sources */ = {isa = PBXBuildFile; fileRef = 6FD365BED3A4FE9E85FB8F6E /* L10n+iOS.swift */; };
		E2754747559F288155299441 /* L10n.swift in Sources */ = {isa = PBXBuildFile; fileRef = 89D2308986B3838BCCC0ED94 /* L10n.swift */; };
		75496635EE6DCF151C4BC6F5 /* Support.swift in Sources */ = {isa = PBXBuildFile; fileRef = F37304DA435C62ACB9D8E629 /* Support.swift */; };
		D9F449229FBBF59FF7E1C56C /* DejavuSync.swift in Sources */ = {isa = PBXBuildFile; fileRef = 669A9E98D6CC828DCF6416DF /* DejavuSync.swift */; };
		3AEA2FF345EBE2FF1D8112AC /* L10n+Sync.swift in Sources */ = {isa = PBXBuildFile; fileRef = 04A97494A63404971E9E7994 /* L10n+Sync.swift */; };
		BD5C6AE02E2A6C4548A8926D /* MozillaAccount.swift in Sources */ = {isa = PBXBuildFile; fileRef = D852BC3CAB592290601E5904 /* MozillaAccount.swift */; };
		F74EF1A97D3C93A644D6137D /* MozillaSignInView.swift in Sources */ = {isa = PBXBuildFile; fileRef = 4AE198940C961D90A088A66A /* MozillaSignInView.swift */; };
		D9C2D2CA1B277DBE0F8AF8CC /* SpacesApplier.swift in Sources */ = {isa = PBXBuildFile; fileRef = 4E06FBFEA51714B5E0635394 /* SpacesApplier.swift */; };
		BD3921F9ED575F09B20B9FCB /* SpacesProjector.swift in Sources */ = {isa = PBXBuildFile; fileRef = F26851F5287ADC5FE87B81A1 /* SpacesProjector.swift */; };
		2E199EC524C43729AF1C736F /* SpacesRecords.swift in Sources */ = {isa = PBXBuildFile; fileRef = FBE55863D13D53B7107CB0B5 /* SpacesRecords.swift */; };
		925987C20619772940CECB7A /* SpacesSyncEngine.swift in Sources */ = {isa = PBXBuildFile; fileRef = 3F22E332AB718ED63C076467 /* SpacesSyncEngine.swift */; };
		4F0568D4EC8459892555487F /* SpacesSyncStore.swift in Sources */ = {isa = PBXBuildFile; fileRef = 50206B016BC16AD7A965334A /* SpacesSyncStore.swift */; };
		56031C8FFD2699525FBB9EF3 /* SyncClient.swift in Sources */ = {isa = PBXBuildFile; fileRef = CE64DD5A02EAC33B1F4F0ED0 /* SyncClient.swift */; };
		1848AD5C1D475A3458D7EE9A /* SyncCrypto.swift in Sources */ = {isa = PBXBuildFile; fileRef = FEAF465DC9BA2AAE34870AEF /* SyncCrypto.swift */; };
		847EA96C2329FD02532DD0C5 /* SyncJSON.swift in Sources */ = {isa = PBXBuildFile; fileRef = 7DFB2B5F6BE6CB5D240D9810 /* SyncJSON.swift */; };
		4CCE870DB8D9448126C9D209 /* SyncSettingsView.swift in Sources */ = {isa = PBXBuildFile; fileRef = A81A163775F368115D6669DB /* SyncSettingsView.swift */; };
		EEBE8EB62FBDCF56CBFDFC03 /* Theme.swift in Sources */ = {isa = PBXBuildFile; fileRef = 79E89716B17DF9D3EBA1F803 /* Theme.swift */; };
		A41A774203FF96CE84E0A760 /* GeckoSessionState.swift in Sources */ = {isa = PBXBuildFile; fileRef = 13043A8A8550030FE109D4E1 /* GeckoSessionState.swift */; };
		B3D4742B1D310AAC1F0671BD /* Localizable.xcstrings in Resources */ = {isa = PBXBuildFile; fileRef = 27C68D1B0AF88A7EB8F7F0A2 /* Localizable.xcstrings */; };
/* End PBXBuildFile section */

/* Begin PBXContainerItemProxy section */
		248A03CC2B87FA35009597A2 /* PBXContainerItemProxy */ = {
			isa = PBXContainerItemProxy;
			containerPortal = 431C63902912F52F00ABE21B /* Project object */;
			proxyType = 1;
			remoteGlobalIDString = 248A03C62B87FA35009597A2;
			remoteInfo = Rendering;
		};
		248A03D52B87FCA4009597A2 /* PBXContainerItemProxy */ = {
			isa = PBXContainerItemProxy;
			containerPortal = 431C63902912F52F00ABE21B /* Project object */;
			proxyType = 1;
			remoteGlobalIDString = 24B269122B85686A00678012;
			remoteInfo = GeckoView;
		};
		248A03E12B87FD1F009597A2 /* PBXContainerItemProxy */ = {
			isa = PBXContainerItemProxy;
			containerPortal = 431C63902912F52F00ABE21B /* Project object */;
			proxyType = 1;
			remoteGlobalIDString = 248A03DB2B87FD1F009597A2;
			remoteInfo = Networking;
		};
		248A03E92B87FD2E009597A2 /* PBXContainerItemProxy */ = {
			isa = PBXContainerItemProxy;
			containerPortal = 431C63902912F52F00ABE21B /* Project object */;
			proxyType = 1;
			remoteGlobalIDString = 24B269122B85686A00678012;
			remoteInfo = GeckoView;
		};
		24B269172B85686A00678012 /* PBXContainerItemProxy */ = {
			isa = PBXContainerItemProxy;
			containerPortal = 431C63902912F52F00ABE21B /* Project object */;
			proxyType = 1;
			remoteGlobalIDString = 24B269122B85686A00678012;
			remoteInfo = GeckoView;
		};
		24B2692C2B85695700678012 /* PBXContainerItemProxy */ = {
			isa = PBXContainerItemProxy;
			containerPortal = 431C63902912F52F00ABE21B /* Project object */;
			proxyType = 1;
			remoteGlobalIDString = 24B269262B85695700678012;
			remoteInfo = WebContent;
		};
		24B269352B8569E800678012 /* PBXContainerItemProxy */ = {
			isa = PBXContainerItemProxy;
			containerPortal = 431C63902912F52F00ABE21B /* Project object */;
			proxyType = 1;
			remoteGlobalIDString = 24B269122B85686A00678012;
			remoteInfo = GeckoView;
		};
		431C63AF2912F53100ABE21B /* PBXContainerItemProxy */ = {
			isa = PBXContainerItemProxy;
			containerPortal = 431C63902912F52F00ABE21B /* Project object */;
			proxyType = 1;
			remoteGlobalIDString = 431C63972912F52F00ABE21B;
			remoteInfo = GeckoTestBrowser;
		};
/* End PBXContainerItemProxy section */

/* Begin PBXCopyFilesBuildPhase section */
		24B2691E2B85686A00678012 /* Embed Frameworks */ = {
			isa = PBXCopyFilesBuildPhase;
			buildActionMask = 2147483647;
			dstPath = "";
			dstSubfolderSpec = 10;
			files = (
				24B2691A2B85686A00678012 /* GeckoView.framework in Embed Frameworks */,
			);
			name = "Embed Frameworks";
			runOnlyForDeploymentPostprocessing = 0;
		};
		24B269322B85695700678012 /* Embed ExtensionKit Extensions */ = {
			isa = PBXCopyFilesBuildPhase;
			buildActionMask = 2147483647;
			dstPath = "$(EXTENSIONS_FOLDER_PATH)";
			dstSubfolderSpec = 16;
			files = (
				24B2692E2B85695700678012 /* WebContent.appex in Embed ExtensionKit Extensions */,
				248A03CE2B87FA35009597A2 /* Rendering.appex in Embed ExtensionKit Extensions */,
				248A03E32B87FD1F009597A2 /* Networking.appex in Embed ExtensionKit Extensions */,
			);
			name = "Embed ExtensionKit Extensions";
			runOnlyForDeploymentPostprocessing = 0;
		};
/* End PBXCopyFilesBuildPhase section */

/* Begin PBXFileReference section */
		248A03C72B87FA35009597A2 /* Rendering.appex */ = {isa = PBXFileReference; explicitFileType = "wrapper.extensionkit-extension"; includeInIndex = 0; path = Rendering.appex; sourceTree = BUILT_PRODUCTS_DIR; };
		248A03C92B87FA35009597A2 /* Rendering.swift */ = {isa = PBXFileReference; lastKnownFileType = sourcecode.swift; path = Rendering.swift; sourceTree = "<group>"; };
		248A03CB2B87FA35009597A2 /* Info.plist */ = {isa = PBXFileReference; lastKnownFileType = text.plist.xml; path = Info.plist; sourceTree = "<group>"; };
		248A03D22B87FA79009597A2 /* Rendering.entitlements */ = {isa = PBXFileReference; lastKnownFileType = text.plist.entitlements; path = Rendering.entitlements; sourceTree = "<group>"; };
		248A03DC2B87FD1F009597A2 /* Networking.appex */ = {isa = PBXFileReference; explicitFileType = "wrapper.extensionkit-extension"; includeInIndex = 0; path = Networking.appex; sourceTree = BUILT_PRODUCTS_DIR; };
		248A03DE2B87FD1F009597A2 /* Networking.swift */ = {isa = PBXFileReference; lastKnownFileType = sourcecode.swift; path = Networking.swift; sourceTree = "<group>"; };
		248A03E02B87FD1F009597A2 /* Info.plist */ = {isa = PBXFileReference; lastKnownFileType = text.plist.xml; path = Info.plist; sourceTree = "<group>"; };
		248A03EC2B87FD6A009597A2 /* Networking.entitlements */ = {isa = PBXFileReference; lastKnownFileType = text.plist.entitlements; path = Networking.entitlements; sourceTree = "<group>"; };
		24A88AD32BB54B2B0052426E /* AllowOrDeny.swift */ = {isa = PBXFileReference; lastKnownFileType = sourcecode.swift; path = AllowOrDeny.swift; sourceTree = "<group>"; };
		24A88AD52BB54B300052426E /* ContentDelegate.swift */ = {isa = PBXFileReference; lastKnownFileType = sourcecode.swift; path = ContentDelegate.swift; sourceTree = "<group>"; };
		24A88AD72BB54B330052426E /* EventDispatcher.swift */ = {isa = PBXFileReference; lastKnownFileType = sourcecode.swift; path = EventDispatcher.swift; sourceTree = "<group>"; };
		24A88AD92BB54B370052426E /* GeckoRuntime.swift */ = {isa = PBXFileReference; lastKnownFileType = sourcecode.swift; path = GeckoRuntime.swift; sourceTree = "<group>"; };
		24A88ADB2BB54B3C0052426E /* GeckoSession.swift */ = {isa = PBXFileReference; lastKnownFileType = sourcecode.swift; path = GeckoSession.swift; sourceTree = "<group>"; };
		24A88ADD2BB54B400052426E /* GeckoSessionHandler.swift */ = {isa = PBXFileReference; lastKnownFileType = sourcecode.swift; path = GeckoSessionHandler.swift; sourceTree = "<group>"; };
		24A88ADF2BB54B450052426E /* GeckoView.swift */ = {isa = PBXFileReference; lastKnownFileType = sourcecode.swift; path = GeckoView.swift; sourceTree = "<group>"; };
		24A88AE12BB54B490052426E /* NavigationDelegate.swift */ = {isa = PBXFileReference; lastKnownFileType = sourcecode.swift; path = NavigationDelegate.swift; sourceTree = "<group>"; };
		24A88AE32BB54B4D0052426E /* PermissionDelegate.swift */ = {isa = PBXFileReference; lastKnownFileType = sourcecode.swift; path = PermissionDelegate.swift; sourceTree = "<group>"; };
		24A88AE52BB54B510052426E /* ProgressDelegate.swift */ = {isa = PBXFileReference; lastKnownFileType = sourcecode.swift; path = ProgressDelegate.swift; sourceTree = "<group>"; };
		24AD393B2AB8B6D10058B40E /* main.swift */ = {isa = PBXFileReference; lastKnownFileType = sourcecode.swift; path = main.swift; sourceTree = "<group>"; };
		24B2690D2B85675200678012 /* GeckoTestBrowser.entitlements */ = {isa = PBXFileReference; lastKnownFileType = text.plist.entitlements; path = GeckoTestBrowser.entitlements; sourceTree = "<group>"; };
		24B269132B85686A00678012 /* GeckoView.framework */ = {isa = PBXFileReference; explicitFileType = wrapper.framework; includeInIndex = 0; path = GeckoView.framework; sourceTree = BUILT_PRODUCTS_DIR; };
		24B269152B85686A00678012 /* GeckoView.h */ = {isa = PBXFileReference; lastKnownFileType = sourcecode.c.h; path = GeckoView.h; sourceTree = "<group>"; };
		24B269272B85695700678012 /* WebContent.appex */ = {isa = PBXFileReference; explicitFileType = "wrapper.extensionkit-extension"; includeInIndex = 0; path = WebContent.appex; sourceTree = BUILT_PRODUCTS_DIR; };
		24B269292B85695700678012 /* WebContent.swift */ = {isa = PBXFileReference; lastKnownFileType = sourcecode.swift; path = WebContent.swift; sourceTree = "<group>"; };
		24B2692B2B85695700678012 /* Info.plist */ = {isa = PBXFileReference; lastKnownFileType = text.plist.xml; path = Info.plist; sourceTree = "<group>"; };
		24B269382B856BFB00678012 /* WebContent.entitlements */ = {isa = PBXFileReference; lastKnownFileType = text.plist.entitlements; path = WebContent.entitlements; sourceTree = "<group>"; };
		24F4166D2ABE0E5D00496406 /* AddGecko.sh */ = {isa = PBXFileReference; lastKnownFileType = text.script.sh; path = AddGecko.sh; sourceTree = "<group>"; };
		431C63982912F52F00ABE21B /* GeckoTestBrowser.app */ = {isa = PBXFileReference; explicitFileType = wrapper.application; includeInIndex = 0; path = GeckoTestBrowser.app; sourceTree = BUILT_PRODUCTS_DIR; };
		431C639B2912F52F00ABE21B /* AppDelegate.swift */ = {isa = PBXFileReference; lastKnownFileType = sourcecode.swift; path = AppDelegate.swift; sourceTree = "<group>"; };
		431C639D2912F52F00ABE21B /* SceneDelegate.swift */ = {isa = PBXFileReference; lastKnownFileType = sourcecode.swift; path = SceneDelegate.swift; sourceTree = "<group>"; };
		431C63A42912F53100ABE21B /* Assets.xcassets */ = {isa = PBXFileReference; lastKnownFileType = folder.assetcatalog; path = Assets.xcassets; sourceTree = "<group>"; };
		431C63A72912F53100ABE21B /* Base */ = {isa = PBXFileReference; lastKnownFileType = file.storyboard; name = Base; path = Base.lproj/LaunchScreen.storyboard; sourceTree = "<group>"; };
		431C63A92912F53100ABE21B /* Info.plist */ = {isa = PBXFileReference; lastKnownFileType = text.plist.xml; path = Info.plist; sourceTree = "<group>"; };
		431C63AE2912F53100ABE21B /* GeckoTestBrowserTests.xctest */ = {isa = PBXFileReference; explicitFileType = wrapper.cfbundle; includeInIndex = 0; path = GeckoTestBrowserTests.xctest; sourceTree = BUILT_PRODUCTS_DIR; };
		8AE0D9CD2927F16300FA9C83 /* UIView+Extension.swift */ = {isa = PBXFileReference; lastKnownFileType = sourcecode.swift; path = "UIView+Extension.swift"; sourceTree = "<group>"; };
		8AE0D9DB29284EAE00FA9C83 /* UIViewController+Extension.swift */ = {isa = PBXFileReference; lastKnownFileType = sourcecode.swift; path = "UIViewController+Extension.swift"; sourceTree = "<group>"; };
		55865E9D31F07BDC91159B61 /* AppActions.swift */ = {isa = PBXFileReference; lastKnownFileType = sourcecode.swift; path = AppActions.swift; sourceTree = "<group>"; };
		05FEB5DF9F301D479644210E /* AppModel.swift */ = {isa = PBXFileReference; lastKnownFileType = sourcecode.swift; path = AppModel.swift; sourceTree = "<group>"; };
		B44CE313AA25A17971434D3D /* RootView.swift */ = {isa = PBXFileReference; lastKnownFileType = sourcecode.swift; path = RootView.swift; sourceTree = "<group>"; };
		B48086379AB652CAAFF1FFCF /* BrowserChrome.swift */ = {isa = PBXFileReference; lastKnownFileType = sourcecode.swift; path = BrowserChrome.swift; sourceTree = "<group>"; };
		2EFB537B2ACD37F3418B99BF /* BrowserStore.swift */ = {isa = PBXFileReference; lastKnownFileType = sourcecode.swift; path = BrowserStore.swift; sourceTree = "<group>"; };
		DD102532A8352496A8A66DD3 /* BrowserViewController.swift */ = {isa = PBXFileReference; lastKnownFileType = sourcecode.swift; path = BrowserViewController.swift; sourceTree = "<group>"; };
		334F5916BC209448C90A38C5 /* ContainerActions.swift */ = {isa = PBXFileReference; lastKnownFileType = sourcecode.swift; path = ContainerActions.swift; sourceTree = "<group>"; };
		E5C1C5CB69764545C7C73440 /* LinkMenu.swift */ = {isa = PBXFileReference; lastKnownFileType = sourcecode.swift; path = LinkMenu.swift; sourceTree = "<group>"; };
		436B2FAB9D0150A90F6856C2 /* MoreMenuView.swift */ = {isa = PBXFileReference; lastKnownFileType = sourcecode.swift; path = MoreMenuView.swift; sourceTree = "<group>"; };
		44880C2B05F1D975B7399030 /* SearchView.swift */ = {isa = PBXFileReference; lastKnownFileType = sourcecode.swift; path = SearchView.swift; sourceTree = "<group>"; };
		34A8F95CF3538D2EFD5D4E79 /* EssentialsGridView.swift */ = {isa = PBXFileReference; lastKnownFileType = sourcecode.swift; path = EssentialsGridView.swift; sourceTree = "<group>"; };
		7541DDA39CFD7284E1235DBA /* HomeDialogs.swift */ = {isa = PBXFileReference; lastKnownFileType = sourcecode.swift; path = HomeDialogs.swift; sourceTree = "<group>"; };
		716E717CA1156A40797E38C0 /* HomeRows.swift */ = {isa = PBXFileReference; lastKnownFileType = sourcecode.swift; path = HomeRows.swift; sourceTree = "<group>"; };
		6CCDC9D0DCF6597836A507E0 /* HomeView.swift */ = {isa = PBXFileReference; lastKnownFileType = sourcecode.swift; path = HomeView.swift; sourceTree = "<group>"; };
		5FBB01361B74286C0B14EC90 /* WorkspacePageView.swift */ = {isa = PBXFileReference; lastKnownFileType = sourcecode.swift; path = WorkspacePageView.swift; sourceTree = "<group>"; };
		D43710ED2D8AD3E9BEB4D64B /* Actions.swift */ = {isa = PBXFileReference; lastKnownFileType = sourcecode.swift; path = Actions.swift; sourceTree = "<group>"; };
		4DAF1F0C8E8FF3BFCA7106DE /* Containers.swift */ = {isa = PBXFileReference; lastKnownFileType = sourcecode.swift; path = Containers.swift; sourceTree = "<group>"; };
		9E26817BC4C522F196F192F2 /* CustomActionExamples.swift */ = {isa = PBXFileReference; lastKnownFileType = sourcecode.swift; path = CustomActionExamples.swift; sourceTree = "<group>"; };
		6BBB5D894D566BEAA39B081D /* CustomActionRunner.swift */ = {isa = PBXFileReference; lastKnownFileType = sourcecode.swift; path = CustomActionRunner.swift; sourceTree = "<group>"; };
		D10992BE268D7CD2D2324031 /* DejavuSettings.swift */ = {isa = PBXFileReference; lastKnownFileType = sourcecode.swift; path = DejavuSettings.swift; sourceTree = "<group>"; };
		11E37184140AD0D13CE4A0B8 /* HomeModel.swift */ = {isa = PBXFileReference; lastKnownFileType = sourcecode.swift; path = HomeModel.swift; sourceTree = "<group>"; };
		EEF61A7365B7A53976BBF335 /* Library.swift */ = {isa = PBXFileReference; lastKnownFileType = sourcecode.swift; path = Library.swift; sourceTree = "<group>"; };
		5C4C97FBE8ACF3F733DC22F3 /* MoreMenu.swift */ = {isa = PBXFileReference; lastKnownFileType = sourcecode.swift; path = MoreMenu.swift; sourceTree = "<group>"; };
		FC57F6E47A6BCACC1A2ED790 /* TabInfo.swift */ = {isa = PBXFileReference; lastKnownFileType = sourcecode.swift; path = TabInfo.swift; sourceTree = "<group>"; };
		A8B6D318646C3C05A8087AB0 /* Workspace.swift */ = {isa = PBXFileReference; lastKnownFileType = sourcecode.swift; path = Workspace.swift; sourceTree = "<group>"; };
		88C96E634DEA2278110E7B44 /* WorkspaceRepository.swift */ = {isa = PBXFileReference; lastKnownFileType = sourcecode.swift; path = WorkspaceRepository.swift; sourceTree = "<group>"; };
		2E19D528490921D6C6F4EFFC /* ZenIcons.swift */ = {isa = PBXFileReference; lastKnownFileType = sourcecode.swift; path = ZenIcons.swift; sourceTree = "<group>"; };
		B774D161ACB3F4905E383095 /* ContainersSettingsView.swift */ = {isa = PBXFileReference; lastKnownFileType = sourcecode.swift; path = ContainersSettingsView.swift; sourceTree = "<group>"; };
		F06E9D1F6EA3A1A582CEB453 /* CustomActionEditorView.swift */ = {isa = PBXFileReference; lastKnownFileType = sourcecode.swift; path = CustomActionEditorView.swift; sourceTree = "<group>"; };
		9AB83481AA39939888BBAFFE /* ExternalLinksSettingsView.swift */ = {isa = PBXFileReference; lastKnownFileType = sourcecode.swift; path = ExternalLinksSettingsView.swift; sourceTree = "<group>"; };
		4226C1132EA1DC8570273FAB /* GeneralSettingsViews.swift */ = {isa = PBXFileReference; lastKnownFileType = sourcecode.swift; path = GeneralSettingsViews.swift; sourceTree = "<group>"; };
		823D3FB1CB964207B409DCF7 /* L10n+Settings.swift */ = {isa = PBXFileReference; lastKnownFileType = sourcecode.swift; path = "L10n+Settings.swift"; sourceTree = "<group>"; };
		3C858560B2A5165C6687F160 /* MoreMenuEditorView.swift */ = {isa = PBXFileReference; lastKnownFileType = sourcecode.swift; path = MoreMenuEditorView.swift; sourceTree = "<group>"; };
		90B95B3E9F62D6EB7C4A3FFF /* SettingsView.swift */ = {isa = PBXFileReference; lastKnownFileType = sourcecode.swift; path = SettingsView.swift; sourceTree = "<group>"; };
		D74A87542C9DD36FD7E2317D /* TabActionsSettingsView.swift */ = {isa = PBXFileReference; lastKnownFileType = sourcecode.swift; path = TabActionsSettingsView.swift; sourceTree = "<group>"; };
		EF3AFE22CE384BAD16B7EE1D /* L10n+Generated.swift */ = {isa = PBXFileReference; lastKnownFileType = sourcecode.swift; path = "L10n+Generated.swift"; sourceTree = "<group>"; };
		6FD365BED3A4FE9E85FB8F6E /* L10n+iOS.swift */ = {isa = PBXFileReference; lastKnownFileType = sourcecode.swift; path = "L10n+iOS.swift"; sourceTree = "<group>"; };
		89D2308986B3838BCCC0ED94 /* L10n.swift */ = {isa = PBXFileReference; lastKnownFileType = sourcecode.swift; path = L10n.swift; sourceTree = "<group>"; };
		F37304DA435C62ACB9D8E629 /* Support.swift */ = {isa = PBXFileReference; lastKnownFileType = sourcecode.swift; path = Support.swift; sourceTree = "<group>"; };
		669A9E98D6CC828DCF6416DF /* DejavuSync.swift */ = {isa = PBXFileReference; lastKnownFileType = sourcecode.swift; path = DejavuSync.swift; sourceTree = "<group>"; };
		04A97494A63404971E9E7994 /* L10n+Sync.swift */ = {isa = PBXFileReference; lastKnownFileType = sourcecode.swift; path = "L10n+Sync.swift"; sourceTree = "<group>"; };
		D852BC3CAB592290601E5904 /* MozillaAccount.swift */ = {isa = PBXFileReference; lastKnownFileType = sourcecode.swift; path = MozillaAccount.swift; sourceTree = "<group>"; };
		4AE198940C961D90A088A66A /* MozillaSignInView.swift */ = {isa = PBXFileReference; lastKnownFileType = sourcecode.swift; path = MozillaSignInView.swift; sourceTree = "<group>"; };
		4E06FBFEA51714B5E0635394 /* SpacesApplier.swift */ = {isa = PBXFileReference; lastKnownFileType = sourcecode.swift; path = SpacesApplier.swift; sourceTree = "<group>"; };
		F26851F5287ADC5FE87B81A1 /* SpacesProjector.swift */ = {isa = PBXFileReference; lastKnownFileType = sourcecode.swift; path = SpacesProjector.swift; sourceTree = "<group>"; };
		FBE55863D13D53B7107CB0B5 /* SpacesRecords.swift */ = {isa = PBXFileReference; lastKnownFileType = sourcecode.swift; path = SpacesRecords.swift; sourceTree = "<group>"; };
		3F22E332AB718ED63C076467 /* SpacesSyncEngine.swift */ = {isa = PBXFileReference; lastKnownFileType = sourcecode.swift; path = SpacesSyncEngine.swift; sourceTree = "<group>"; };
		50206B016BC16AD7A965334A /* SpacesSyncStore.swift */ = {isa = PBXFileReference; lastKnownFileType = sourcecode.swift; path = SpacesSyncStore.swift; sourceTree = "<group>"; };
		CE64DD5A02EAC33B1F4F0ED0 /* SyncClient.swift */ = {isa = PBXFileReference; lastKnownFileType = sourcecode.swift; path = SyncClient.swift; sourceTree = "<group>"; };
		FEAF465DC9BA2AAE34870AEF /* SyncCrypto.swift */ = {isa = PBXFileReference; lastKnownFileType = sourcecode.swift; path = SyncCrypto.swift; sourceTree = "<group>"; };
		7DFB2B5F6BE6CB5D240D9810 /* SyncJSON.swift */ = {isa = PBXFileReference; lastKnownFileType = sourcecode.swift; path = SyncJSON.swift; sourceTree = "<group>"; };
		A81A163775F368115D6669DB /* SyncSettingsView.swift */ = {isa = PBXFileReference; lastKnownFileType = sourcecode.swift; path = SyncSettingsView.swift; sourceTree = "<group>"; };
		79E89716B17DF9D3EBA1F803 /* Theme.swift */ = {isa = PBXFileReference; lastKnownFileType = sourcecode.swift; path = Theme.swift; sourceTree = "<group>"; };
		13043A8A8550030FE109D4E1 /* GeckoSessionState.swift */ = {isa = PBXFileReference; lastKnownFileType = sourcecode.swift; path = GeckoSessionState.swift; sourceTree = "<group>"; };
		27C68D1B0AF88A7EB8F7F0A2 /* Localizable.xcstrings */ = {isa = PBXFileReference; lastKnownFileType = text.json.xcstrings; path = Localizable.xcstrings; sourceTree = "<group>"; };
/* End PBXFileReference section */

/* Begin PBXFrameworksBuildPhase section */
		248A03C42B87FA35009597A2 /* Frameworks */ = {
			isa = PBXFrameworksBuildPhase;
			buildActionMask = 2147483647;
			files = (
				248A03D32B87FCA4009597A2 /* GeckoView.framework in Frameworks */,
			);
			runOnlyForDeploymentPostprocessing = 0;
		};
		248A03D92B87FD1F009597A2 /* Frameworks */ = {
			isa = PBXFrameworksBuildPhase;
			buildActionMask = 2147483647;
			files = (
				248A03E72B87FD2E009597A2 /* GeckoView.framework in Frameworks */,
			);
			runOnlyForDeploymentPostprocessing = 0;
		};
		24B269102B85686A00678012 /* Frameworks */ = {
			isa = PBXFrameworksBuildPhase;
			buildActionMask = 2147483647;
			files = (
			);
			runOnlyForDeploymentPostprocessing = 0;
		};
		24B269242B85695700678012 /* Frameworks */ = {
			isa = PBXFrameworksBuildPhase;
			buildActionMask = 2147483647;
			files = (
				24B269332B8569E800678012 /* GeckoView.framework in Frameworks */,
			);
			runOnlyForDeploymentPostprocessing = 0;
		};
		431C63952912F52F00ABE21B /* Frameworks */ = {
			isa = PBXFrameworksBuildPhase;
			buildActionMask = 2147483647;
			files = (
				24B269192B85686A00678012 /* GeckoView.framework in Frameworks */,
			);
			runOnlyForDeploymentPostprocessing = 0;
		};
		431C63AB2912F53100ABE21B /* Frameworks */ = {
			isa = PBXFrameworksBuildPhase;
			buildActionMask = 2147483647;
			files = (
			);
			runOnlyForDeploymentPostprocessing = 0;
		};
/* End PBXFrameworksBuildPhase section */

/* Begin PBXGroup section */
		248A03C82B87FA35009597A2 /* Rendering */ = {
			isa = PBXGroup;
			children = (
				248A03C92B87FA35009597A2 /* Rendering.swift */,
				248A03D22B87FA79009597A2 /* Rendering.entitlements */,
				248A03CB2B87FA35009597A2 /* Info.plist */,
			);
			path = Rendering;
			sourceTree = "<group>";
		};
		248A03DD2B87FD1F009597A2 /* Networking */ = {
			isa = PBXGroup;
			children = (
				248A03DE2B87FD1F009597A2 /* Networking.swift */,
				248A03EC2B87FD6A009597A2 /* Networking.entitlements */,
				248A03E02B87FD1F009597A2 /* Info.plist */,
			);
			path = Networking;
			sourceTree = "<group>";
		};
		24B269142B85686A00678012 /* GeckoView */ = {
			isa = PBXGroup;
			children = (
				13043A8A8550030FE109D4E1 /* GeckoSessionState.swift */,
				24A88AD32BB54B2B0052426E /* AllowOrDeny.swift */,
				24A88AD52BB54B300052426E /* ContentDelegate.swift */,
				24A88AD72BB54B330052426E /* EventDispatcher.swift */,
				24A88AD92BB54B370052426E /* GeckoRuntime.swift */,
				24A88ADB2BB54B3C0052426E /* GeckoSession.swift */,
				24A88ADD2BB54B400052426E /* GeckoSessionHandler.swift */,
				24A88ADF2BB54B450052426E /* GeckoView.swift */,
				24A88AE12BB54B490052426E /* NavigationDelegate.swift */,
				24A88AE32BB54B4D0052426E /* PermissionDelegate.swift */,
				24A88AE52BB54B510052426E /* ProgressDelegate.swift */,
				24F4166D2ABE0E5D00496406 /* AddGecko.sh */,
				24B269152B85686A00678012 /* GeckoView.h */,
			);
			path = GeckoView;
			sourceTree = "<group>";
		};
		24B269282B85695700678012 /* WebContent */ = {
			isa = PBXGroup;
			children = (
				24B269292B85695700678012 /* WebContent.swift */,
				24B269382B856BFB00678012 /* WebContent.entitlements */,
				24B2692B2B85695700678012 /* Info.plist */,
			);
			path = WebContent;
			sourceTree = "<group>";
		};
		24D2EA972AEC34F000F34B8D /* Frameworks */ = {
			isa = PBXGroup;
			children = (
			);
			name = Frameworks;
			sourceTree = "<group>";
		};
		431C638F2912F52F00ABE21B = {
			isa = PBXGroup;
			children = (
				24B269142B85686A00678012 /* GeckoView */,
				24B269282B85695700678012 /* WebContent */,
				248A03C82B87FA35009597A2 /* Rendering */,
				248A03DD2B87FD1F009597A2 /* Networking */,
				431C63992912F52F00ABE21B /* Products */,
				431C639A2912F52F00ABE21B /* GeckoTestBrowser */,
				8AE0D99D2927DDB700FA9C83 /* GeckoTestBrowserTests */,
				24D2EA972AEC34F000F34B8D /* Frameworks */,
			);
			sourceTree = "<group>";
		};
		431C63992912F52F00ABE21B /* Products */ = {
			isa = PBXGroup;
			children = (
				E7F7D84C5D5A446A9BB37BB5 /* Dejavu */,
				431C63982912F52F00ABE21B /* GeckoTestBrowser.app */,
				431C63AE2912F53100ABE21B /* GeckoTestBrowserTests.xctest */,
				24B269132B85686A00678012 /* GeckoView.framework */,
				24B269272B85695700678012 /* WebContent.appex */,
				248A03C72B87FA35009597A2 /* Rendering.appex */,
				248A03DC2B87FD1F009597A2 /* Networking.appex */,
			);
			name = Products;
			sourceTree = "<group>";
		};
		431C639A2912F52F00ABE21B /* GeckoTestBrowser */ = {
			isa = PBXGroup;
			children = (
				8AE0D9B52927DF9600FA9C83 /* Launch */,
				8AE0D9B32927DF6800FA9C83 /* Resources */,
				431C63A92912F53100ABE21B /* Info.plist */,
				8AE0D9BF2927E21B00FA9C83 /* Extensions */,
				24B2690D2B85675200678012 /* GeckoTestBrowser.entitlements */,
			);
			path = GeckoTestBrowser;
			sourceTree = "<group>";
		};
		8AE0D99D2927DDB700FA9C83 /* GeckoTestBrowserTests */ = {
			isa = PBXGroup;
			children = (
				27C68D1B0AF88A7EB8F7F0A2 /* Localizable.xcstrings */,
			);
			path = GeckoTestBrowserTests;
			sourceTree = "<group>";
		};
		8AE0D9B32927DF6800FA9C83 /* Resources */ = {
			isa = PBXGroup;
			children = (
				431C63A42912F53100ABE21B /* Assets.xcassets */,
			);
			path = Resources;
			sourceTree = "<group>";
		};
		8AE0D9B52927DF9600FA9C83 /* Launch */ = {
			isa = PBXGroup;
			children = (
				431C639B2912F52F00ABE21B /* AppDelegate.swift */,
				431C63A62912F53100ABE21B /* LaunchScreen.storyboard */,
				431C639D2912F52F00ABE21B /* SceneDelegate.swift */,
				24AD393B2AB8B6D10058B40E /* main.swift */,
			);
			path = Launch;
			sourceTree = "<group>";
		};
		8AE0D9BF2927E21B00FA9C83 /* Extensions */ = {
			isa = PBXGroup;
			children = (
				8AE0D9CD2927F16300FA9C83 /* UIView+Extension.swift */,
				8AE0D9DB29284EAE00FA9C83 /* UIViewController+Extension.swift */,
			);
			path = Extensions;
			sourceTree = "<group>";
		};
		0881F18866C82E0660370F14 /* App */ = {
			isa = PBXGroup;
			children = (
				55865E9D31F07BDC91159B61 /* AppActions.swift */,
				05FEB5DF9F301D479644210E /* AppModel.swift */,
				B44CE313AA25A17971434D3D /* RootView.swift */,
			);
			path = App;
			sourceTree = "<group>";
		};
		C5F4150508D4AFAAB2FCAD56 /* Browser */ = {
			isa = PBXGroup;
			children = (
				B48086379AB652CAAFF1FFCF /* BrowserChrome.swift */,
				2EFB537B2ACD37F3418B99BF /* BrowserStore.swift */,
				DD102532A8352496A8A66DD3 /* BrowserViewController.swift */,
				334F5916BC209448C90A38C5 /* ContainerActions.swift */,
				E5C1C5CB69764545C7C73440 /* LinkMenu.swift */,
				436B2FAB9D0150A90F6856C2 /* MoreMenuView.swift */,
				44880C2B05F1D975B7399030 /* SearchView.swift */,
			);
			path = Browser;
			sourceTree = "<group>";
		};
		BD5C26C49C2D38DD08DA36FD /* Home */ = {
			isa = PBXGroup;
			children = (
				34A8F95CF3538D2EFD5D4E79 /* EssentialsGridView.swift */,
				7541DDA39CFD7284E1235DBA /* HomeDialogs.swift */,
				716E717CA1156A40797E38C0 /* HomeRows.swift */,
				6CCDC9D0DCF6597836A507E0 /* HomeView.swift */,
				5FBB01361B74286C0B14EC90 /* WorkspacePageView.swift */,
			);
			path = Home;
			sourceTree = "<group>";
		};
		E1A8068A6B31977ACCDC38B9 /* Model */ = {
			isa = PBXGroup;
			children = (
				D43710ED2D8AD3E9BEB4D64B /* Actions.swift */,
				4DAF1F0C8E8FF3BFCA7106DE /* Containers.swift */,
				9E26817BC4C522F196F192F2 /* CustomActionExamples.swift */,
				6BBB5D894D566BEAA39B081D /* CustomActionRunner.swift */,
				D10992BE268D7CD2D2324031 /* DejavuSettings.swift */,
				11E37184140AD0D13CE4A0B8 /* HomeModel.swift */,
				EEF61A7365B7A53976BBF335 /* Library.swift */,
				5C4C97FBE8ACF3F733DC22F3 /* MoreMenu.swift */,
				FC57F6E47A6BCACC1A2ED790 /* TabInfo.swift */,
				A8B6D318646C3C05A8087AB0 /* Workspace.swift */,
				88C96E634DEA2278110E7B44 /* WorkspaceRepository.swift */,
				2E19D528490921D6C6F4EFFC /* ZenIcons.swift */,
			);
			path = Model;
			sourceTree = "<group>";
		};
		AEA645BF1D0654F12D7DEDB8 /* Settings */ = {
			isa = PBXGroup;
			children = (
				B774D161ACB3F4905E383095 /* ContainersSettingsView.swift */,
				F06E9D1F6EA3A1A582CEB453 /* CustomActionEditorView.swift */,
				9AB83481AA39939888BBAFFE /* ExternalLinksSettingsView.swift */,
				4226C1132EA1DC8570273FAB /* GeneralSettingsViews.swift */,
				823D3FB1CB964207B409DCF7 /* L10n+Settings.swift */,
				3C858560B2A5165C6687F160 /* MoreMenuEditorView.swift */,
				90B95B3E9F62D6EB7C4A3FFF /* SettingsView.swift */,
				D74A87542C9DD36FD7E2317D /* TabActionsSettingsView.swift */,
			);
			path = Settings;
			sourceTree = "<group>";
		};
		6605D4DB95CD7F164F141BEA /* Support */ = {
			isa = PBXGroup;
			children = (
				EF3AFE22CE384BAD16B7EE1D /* L10n+Generated.swift */,
				6FD365BED3A4FE9E85FB8F6E /* L10n+iOS.swift */,
				89D2308986B3838BCCC0ED94 /* L10n.swift */,
				F37304DA435C62ACB9D8E629 /* Support.swift */,
			);
			path = Support;
			sourceTree = "<group>";
		};
		ED1AAA5AB1905B5067AE2BF3 /* Sync */ = {
			isa = PBXGroup;
			children = (
				669A9E98D6CC828DCF6416DF /* DejavuSync.swift */,
				04A97494A63404971E9E7994 /* L10n+Sync.swift */,
				D852BC3CAB592290601E5904 /* MozillaAccount.swift */,
				4AE198940C961D90A088A66A /* MozillaSignInView.swift */,
				4E06FBFEA51714B5E0635394 /* SpacesApplier.swift */,
				F26851F5287ADC5FE87B81A1 /* SpacesProjector.swift */,
				FBE55863D13D53B7107CB0B5 /* SpacesRecords.swift */,
				3F22E332AB718ED63C076467 /* SpacesSyncEngine.swift */,
				50206B016BC16AD7A965334A /* SpacesSyncStore.swift */,
				CE64DD5A02EAC33B1F4F0ED0 /* SyncClient.swift */,
				FEAF465DC9BA2AAE34870AEF /* SyncCrypto.swift */,
				7DFB2B5F6BE6CB5D240D9810 /* SyncJSON.swift */,
				A81A163775F368115D6669DB /* SyncSettingsView.swift */,
			);
			path = Sync;
			sourceTree = "<group>";
		};
		2D3C9CE800775F6B37D7738F /* UI */ = {
			isa = PBXGroup;
			children = (
				79E89716B17DF9D3EBA1F803 /* Theme.swift */,
			);
			path = UI;
			sourceTree = "<group>";
		};
		E7F7D84C5D5A446A9BB37BB5 /* Dejavu */ = {
			isa = PBXGroup;
			children = (
				0881F18866C82E0660370F14 /* App */,
				C5F4150508D4AFAAB2FCAD56 /* Browser */,
				BD5C26C49C2D38DD08DA36FD /* Home */,
				E1A8068A6B31977ACCDC38B9 /* Model */,
				AEA645BF1D0654F12D7DEDB8 /* Settings */,
				6605D4DB95CD7F164F141BEA /* Support */,
				ED1AAA5AB1905B5067AE2BF3 /* Sync */,
				2D3C9CE800775F6B37D7738F /* UI */,
			);
			path = Dejavu;
			sourceTree = "<group>";
		};
/* End PBXGroup section */

/* Begin PBXHeadersBuildPhase section */
		24B2690E2B85686A00678012 /* Headers */ = {
			isa = PBXHeadersBuildPhase;
			buildActionMask = 2147483647;
			files = (
				24B269162B85686A00678012 /* GeckoView.h in Headers */,
			);
			runOnlyForDeploymentPostprocessing = 0;
		};
/* End PBXHeadersBuildPhase section */

/* Begin PBXNativeTarget section */
		248A03C62B87FA35009597A2 /* Rendering */ = {
			isa = PBXNativeTarget;
			buildConfigurationList = 248A03CF2B87FA35009597A2 /* Build configuration list for PBXNativeTarget "Rendering" */;
			buildPhases = (
				248A03C32B87FA35009597A2 /* Sources */,
				248A03C42B87FA35009597A2 /* Frameworks */,
				248A03C52B87FA35009597A2 /* Resources */,
			);
			buildRules = (
			);
			dependencies = (
				248A03D62B87FCA4009597A2 /* PBXTargetDependency */,
			);
			name = Rendering;
			productName = Rendering;
			productReference = 248A03C72B87FA35009597A2 /* Rendering.appex */;
			productType = "com.apple.product-type.extensionkit-extension";
		};
		248A03DB2B87FD1F009597A2 /* Networking */ = {
			isa = PBXNativeTarget;
			buildConfigurationList = 248A03E42B87FD1F009597A2 /* Build configuration list for PBXNativeTarget "Networking" */;
			buildPhases = (
				248A03D82B87FD1F009597A2 /* Sources */,
				248A03D92B87FD1F009597A2 /* Frameworks */,
				248A03DA2B87FD1F009597A2 /* Resources */,
			);
			buildRules = (
			);
			dependencies = (
				248A03EA2B87FD2E009597A2 /* PBXTargetDependency */,
			);
			name = Networking;
			productName = Networking;
			productReference = 248A03DC2B87FD1F009597A2 /* Networking.appex */;
			productType = "com.apple.product-type.extensionkit-extension";
		};
		24B269122B85686A00678012 /* GeckoView */ = {
			isa = PBXNativeTarget;
			buildConfigurationList = 24B2691B2B85686A00678012 /* Build configuration list for PBXNativeTarget "GeckoView" */;
			buildPhases = (
				24B269222B8568FB00678012 /* Add Gecko */,
				24B2690E2B85686A00678012 /* Headers */,
				24B2690F2B85686A00678012 /* Sources */,
				24B269102B85686A00678012 /* Frameworks */,
				24B269112B85686A00678012 /* Resources */,
			);
			buildRules = (
			);
			dependencies = (
			);
			name = GeckoView;
			packageProductDependencies = (
			);
			productName = GeckoView;
			productReference = 24B269132B85686A00678012 /* GeckoView.framework */;
			productType = "com.apple.product-type.framework";
		};
		24B269262B85695700678012 /* WebContent */ = {
			isa = PBXNativeTarget;
			buildConfigurationList = 24B2692F2B85695700678012 /* Build configuration list for PBXNativeTarget "WebContent" */;
			buildPhases = (
				24B269232B85695700678012 /* Sources */,
				24B269242B85695700678012 /* Frameworks */,
				24B269252B85695700678012 /* Resources */,
			);
			buildRules = (
			);
			dependencies = (
				24B269362B8569E800678012 /* PBXTargetDependency */,
			);
			name = WebContent;
			productName = WebContent;
			productReference = 24B269272B85695700678012 /* WebContent.appex */;
			productType = "com.apple.product-type.extensionkit-extension";
		};
		431C63972912F52F00ABE21B /* GeckoTestBrowser */ = {
			isa = PBXNativeTarget;
			buildConfigurationList = 431C63C22912F53100ABE21B /* Build configuration list for PBXNativeTarget "GeckoTestBrowser" */;
			buildPhases = (
				431C63942912F52F00ABE21B /* Sources */,
				431C63952912F52F00ABE21B /* Frameworks */,
				431C63962912F52F00ABE21B /* Resources */,
				24B2691E2B85686A00678012 /* Embed Frameworks */,
				24B269322B85695700678012 /* Embed ExtensionKit Extensions */,
			);
			buildRules = (
			);
			dependencies = (
				24B269182B85686A00678012 /* PBXTargetDependency */,
				24B2692D2B85695700678012 /* PBXTargetDependency */,
				248A03CD2B87FA35009597A2 /* PBXTargetDependency */,
				248A03E22B87FD1F009597A2 /* PBXTargetDependency */,
			);
			name = GeckoTestBrowser;
			packageProductDependencies = (
			);
			productName = GeckoTestBrowser;
			productReference = 431C63982912F52F00ABE21B /* GeckoTestBrowser.app */;
			productType = "com.apple.product-type.application";
		};
		431C63AD2912F53100ABE21B /* GeckoTestBrowserTests */ = {
			isa = PBXNativeTarget;
			buildConfigurationList = 431C63C52912F53100ABE21B /* Build configuration list for PBXNativeTarget "GeckoTestBrowserTests" */;
			buildPhases = (
				431C63AA2912F53100ABE21B /* Sources */,
				431C63AB2912F53100ABE21B /* Frameworks */,
				431C63AC2912F53100ABE21B /* Resources */,
			);
			buildRules = (
			);
			dependencies = (
				431C63B02912F53100ABE21B /* PBXTargetDependency */,
			);
			name = GeckoTestBrowserTests;
			productName = GeckoTestBrowserTests;
			productReference = 431C63AE2912F53100ABE21B /* GeckoTestBrowserTests.xctest */;
			productType = "com.apple.product-type.bundle.unit-test";
		};
/* End PBXNativeTarget section */

/* Begin PBXProject section */
		431C63902912F52F00ABE21B /* Project object */ = {
			isa = PBXProject;
			attributes = {
				BuildIndependentTargetsInParallel = 1;
				LastSwiftUpdateCheck = 1530;
				LastUpgradeCheck = 1400;
				TargetAttributes = {
					248A03C62B87FA35009597A2 = {
						CreatedOnToolsVersion = 15.3;
					};
					248A03DB2B87FD1F009597A2 = {
						CreatedOnToolsVersion = 15.3;
					};
					24B269122B85686A00678012 = {
						CreatedOnToolsVersion = 15.3;
					};
					24B269262B85695700678012 = {
						CreatedOnToolsVersion = 15.3;
					};
					431C63972912F52F00ABE21B = {
						CreatedOnToolsVersion = 14.0;
					};
					431C63AD2912F53100ABE21B = {
						CreatedOnToolsVersion = 14.0;
						LastSwiftMigration = 1400;
						TestTargetID = 431C63972912F52F00ABE21B;
					};
				};
			};
			buildConfigurationList = 431C63932912F52F00ABE21B /* Build configuration list for PBXProject "GeckoTestBrowser" */;
			compatibilityVersion = "Xcode 14.0";
			developmentRegion = en;
			hasScannedForEncodings = 0;
			knownRegions = (
				en,
				Base,
				ab,
				am,
				an,
				ar,
				ast,
				az,
				azb,
				ban,
				be,
				bg,
				bn,
				bqi,
				br,
				brh,
				bs,
				ca,
				cak,
				ceb,
				ckb,
				co,
				cs,
				cy,
				da,
				de,
				dsb,
				el,
				eo,
				es,
				es-AR,
				es-CL,
				es-ES,
				es-MX,
				et,
				eu,
				fa,
				ff,
				fi,
				fr,
				fur,
				fy,
				ga,
				gd,
				gl,
				gn,
				gu,
				he,
				hi,
				hil,
				hr,
				hsb,
				hu,
				hy,
				ia,
				id,
				is,
				it,
				ja,
				ka,
				kaa,
				kab,
				kk,
				km,
				kmr,
				kn,
				ko,
				kw,
				lij,
				lo,
				lt,
				lv,
				meh,
				ml,
				mr,
				my,
				nb,
				ne,
				nl,
				nn,
				oc,
				or,
				pa,
				pa-PK,
				pl,
				ps,
				pt-BR,
				pt-PT,
				rm,
				ro,
				ru,
				sat,
				sc,
				scn,
				si,
				sk,
				skr,
				sl,
				sq,
				sr,
				su,
				sv,
				szl,
				ta,
				te,
				tg,
				th,
				tl,
				tok,
				tr,
				trs,
				tt,
				tzm,
				ug,
				uk,
				ur,
				uz,
				vec,
				vi,
				yo,
				yua,
				zh-Hans,
				zh-Hant,
			);
			mainGroup = 431C638F2912F52F00ABE21B;
			productRefGroup = 431C63992912F52F00ABE21B /* Products */;
			projectDirPath = "";
			projectRoot = "";
			targets = (
				431C63972912F52F00ABE21B /* GeckoTestBrowser */,
				431C63AD2912F53100ABE21B /* GeckoTestBrowserTests */,
				24B269122B85686A00678012 /* GeckoView */,
				24B269262B85695700678012 /* WebContent */,
				248A03C62B87FA35009597A2 /* Rendering */,
				248A03DB2B87FD1F009597A2 /* Networking */,
			);
		};
/* End PBXProject section */

/* Begin PBXResourcesBuildPhase section */
		248A03C52B87FA35009597A2 /* Resources */ = {
			isa = PBXResourcesBuildPhase;
			buildActionMask = 2147483647;
			files = (
				B3D4742B1D310AAC1F0671BD /* Localizable.xcstrings in Resources */,
				A41A774203FF96CE84E0A760 /* GeckoSessionState.swift in Sources */,
				2A8C08FAACF13125991D2BF0 /* AppActions.swift in Sources */,
				9DDF90E7B3D25930E1A604C5 /* AppModel.swift in Sources */,
				08531C57F6AE9CFB3F06F38D /* RootView.swift in Sources */,
				745654A74D2DB139E091C55B /* BrowserChrome.swift in Sources */,
				87D52943CB0B0785007E3700 /* BrowserStore.swift in Sources */,
				66F92BE68D71E549E3119E3D /* BrowserViewController.swift in Sources */,
				EC237FF53FA00D8BEF67C62B /* ContainerActions.swift in Sources */,
				F9D10089E12ADA7C5B9F5188 /* LinkMenu.swift in Sources */,
				0D6E1ECECBCC4569246AE330 /* MoreMenuView.swift in Sources */,
				5C0F4823D571F83247038C8E /* SearchView.swift in Sources */,
				0A7C0B92CB8E3DE5B331F7D1 /* EssentialsGridView.swift in Sources */,
				E3EE4CD98583E076519E5EE5 /* HomeDialogs.swift in Sources */,
				93614A17D7B8AD421DE37377 /* HomeRows.swift in Sources */,
				D36A11BE1469E58490DBD366 /* HomeView.swift in Sources */,
				BA20CA83877B9B595748B2E2 /* WorkspacePageView.swift in Sources */,
				98E6468191931D4E34037F12 /* Actions.swift in Sources */,
				CC63475B2A33310E4BBB4205 /* Containers.swift in Sources */,
				6D744432F18B8A23143124B6 /* CustomActionExamples.swift in Sources */,
				534C8599F3835F7728D5B42B /* CustomActionRunner.swift in Sources */,
				BA82D3E3F0AB5E2CE9C5A745 /* DejavuSettings.swift in Sources */,
				861E6658413A9AC3A29CD4DD /* HomeModel.swift in Sources */,
				EA23AF4BCA1173551ABCCC7B /* Library.swift in Sources */,
				076FD9591921A657E06A0EAB /* MoreMenu.swift in Sources */,
				102F9A293EB11677E355DCAF /* TabInfo.swift in Sources */,
				6909B6024061F70AA8B18195 /* Workspace.swift in Sources */,
				8CD063BE769FCF126013858E /* WorkspaceRepository.swift in Sources */,
				C2DA0EF96AD2774176459A99 /* ZenIcons.swift in Sources */,
				D6E41FFB6B95CD674740FC71 /* ContainersSettingsView.swift in Sources */,
				D0E78DC49A201A07B8C0BDF6 /* CustomActionEditorView.swift in Sources */,
				365D240BD664D881C3933071 /* ExternalLinksSettingsView.swift in Sources */,
				28985A4C292952CE6CF56D61 /* GeneralSettingsViews.swift in Sources */,
				73214A1120F1378835E49E0E /* L10n+Settings.swift in Sources */,
				D9DC6F61326EFE29300F86F7 /* MoreMenuEditorView.swift in Sources */,
				FE5BFC18F91244ED3D9B3DF6 /* SettingsView.swift in Sources */,
				86C78AA1316ABD802698F674 /* TabActionsSettingsView.swift in Sources */,
				A94529C47A0061C00F06A2D1 /* L10n+Generated.swift in Sources */,
				74BB51E9869B497AB8532943 /* L10n+iOS.swift in Sources */,
				E2754747559F288155299441 /* L10n.swift in Sources */,
				75496635EE6DCF151C4BC6F5 /* Support.swift in Sources */,
				D9F449229FBBF59FF7E1C56C /* DejavuSync.swift in Sources */,
				3AEA2FF345EBE2FF1D8112AC /* L10n+Sync.swift in Sources */,
				BD5C6AE02E2A6C4548A8926D /* MozillaAccount.swift in Sources */,
				F74EF1A97D3C93A644D6137D /* MozillaSignInView.swift in Sources */,
				D9C2D2CA1B277DBE0F8AF8CC /* SpacesApplier.swift in Sources */,
				BD3921F9ED575F09B20B9FCB /* SpacesProjector.swift in Sources */,
				2E199EC524C43729AF1C736F /* SpacesRecords.swift in Sources */,
				925987C20619772940CECB7A /* SpacesSyncEngine.swift in Sources */,
				4F0568D4EC8459892555487F /* SpacesSyncStore.swift in Sources */,
				56031C8FFD2699525FBB9EF3 /* SyncClient.swift in Sources */,
				1848AD5C1D475A3458D7EE9A /* SyncCrypto.swift in Sources */,
				847EA96C2329FD02532DD0C5 /* SyncJSON.swift in Sources */,
				4CCE870DB8D9448126C9D209 /* SyncSettingsView.swift in Sources */,
				EEBE8EB62FBDCF56CBFDFC03 /* Theme.swift in Sources */,
			);
			runOnlyForDeploymentPostprocessing = 0;
		};
		248A03DA2B87FD1F009597A2 /* Resources */ = {
			isa = PBXResourcesBuildPhase;
			buildActionMask = 2147483647;
			files = (
			);
			runOnlyForDeploymentPostprocessing = 0;
		};
		24B269112B85686A00678012 /* Resources */ = {
			isa = PBXResourcesBuildPhase;
			buildActionMask = 2147483647;
			files = (
				24B269212B85689A00678012 /* AddGecko.sh in Resources */,
			);
			runOnlyForDeploymentPostprocessing = 0;
		};
		24B269252B85695700678012 /* Resources */ = {
			isa = PBXResourcesBuildPhase;
			buildActionMask = 2147483647;
			files = (
			);
			runOnlyForDeploymentPostprocessing = 0;
		};
		431C63962912F52F00ABE21B /* Resources */ = {
			isa = PBXResourcesBuildPhase;
			buildActionMask = 2147483647;
			files = (
				431C63A82912F53100ABE21B /* LaunchScreen.storyboard in Resources */,
				431C63A52912F53100ABE21B /* Assets.xcassets in Resources */,
			);
			runOnlyForDeploymentPostprocessing = 0;
		};
		431C63AC2912F53100ABE21B /* Resources */ = {
			isa = PBXResourcesBuildPhase;
			buildActionMask = 2147483647;
			files = (
			);
			runOnlyForDeploymentPostprocessing = 0;
		};
/* End PBXResourcesBuildPhase section */

/* Begin PBXShellScriptBuildPhase section */
		24B269222B8568FB00678012 /* Add Gecko */ = {
			isa = PBXShellScriptBuildPhase;
			alwaysOutOfDate = 1;
			buildActionMask = 2147483647;
			files = (
			);
			inputFileListPaths = (
			);
			inputPaths = (
			);
			name = "Add Gecko";
			outputFileListPaths = (
			);
			outputPaths = (
			);
			runOnlyForDeploymentPostprocessing = 0;
			shellPath = /bin/sh;
			shellScript = "\"${SRCROOT}/GeckoView/AddGecko.sh\"\n";
		};
/* End PBXShellScriptBuildPhase section */

/* Begin PBXSourcesBuildPhase section */
		248A03C32B87FA35009597A2 /* Sources */ = {
			isa = PBXSourcesBuildPhase;
			buildActionMask = 2147483647;
			files = (
				248A03CA2B87FA35009597A2 /* Rendering.swift in Sources */,
			);
			runOnlyForDeploymentPostprocessing = 0;
		};
		248A03D82B87FD1F009597A2 /* Sources */ = {
			isa = PBXSourcesBuildPhase;
			buildActionMask = 2147483647;
			files = (
				248A03DF2B87FD1F009597A2 /* Networking.swift in Sources */,
			);
			runOnlyForDeploymentPostprocessing = 0;
		};
		24B2690F2B85686A00678012 /* Sources */ = {
			isa = PBXSourcesBuildPhase;
			buildActionMask = 2147483647;
			files = (
				24A88AD62BB54B300052426E /* ContentDelegate.swift in Sources */,
				24A88AE62BB54B510052426E /* ProgressDelegate.swift in Sources */,
				24A88ADE2BB54B400052426E /* GeckoSessionHandler.swift in Sources */,
				24A88AE02BB54B450052426E /* GeckoView.swift in Sources */,
				24A88AD82BB54B330052426E /* EventDispatcher.swift in Sources */,
				24A88ADA2BB54B370052426E /* GeckoRuntime.swift in Sources */,
				24A88ADC2BB54B3C0052426E /* GeckoSession.swift in Sources */,
				24A88AE22BB54B4A0052426E /* NavigationDelegate.swift in Sources */,
				24A88AD42BB54B2C0052426E /* AllowOrDeny.swift in Sources */,
				24A88AE42BB54B4D0052426E /* PermissionDelegate.swift in Sources */,
			);
			runOnlyForDeploymentPostprocessing = 0;
		};
		24B269232B85695700678012 /* Sources */ = {
			isa = PBXSourcesBuildPhase;
			buildActionMask = 2147483647;
			files = (
				24B2692A2B85695700678012 /* WebContent.swift in Sources */,
			);
			runOnlyForDeploymentPostprocessing = 0;
		};
		431C63942912F52F00ABE21B /* Sources */ = {
			isa = PBXSourcesBuildPhase;
			buildActionMask = 2147483647;
			files = (
				431C639C2912F52F00ABE21B /* AppDelegate.swift in Sources */,
				8AE0D9DC29284EAE00FA9C83 /* UIViewController+Extension.swift in Sources */,
				431C639E2912F52F00ABE21B /* SceneDelegate.swift in Sources */,
				24AD393C2AB8B6D10058B40E /* main.swift in Sources */,
				8AE0D9CE2927F16300FA9C83 /* UIView+Extension.swift in Sources */,
			);
			runOnlyForDeploymentPostprocessing = 0;
		};
		431C63AA2912F53100ABE21B /* Sources */ = {
			isa = PBXSourcesBuildPhase;
			buildActionMask = 2147483647;
			files = (
			);
			runOnlyForDeploymentPostprocessing = 0;
		};
/* End PBXSourcesBuildPhase section */

/* Begin PBXTargetDependency section */
		248A03CD2B87FA35009597A2 /* PBXTargetDependency */ = {
			isa = PBXTargetDependency;
			target = 248A03C62B87FA35009597A2 /* Rendering */;
			targetProxy = 248A03CC2B87FA35009597A2 /* PBXContainerItemProxy */;
		};
		248A03D62B87FCA4009597A2 /* PBXTargetDependency */ = {
			isa = PBXTargetDependency;
			target = 24B269122B85686A00678012 /* GeckoView */;
			targetProxy = 248A03D52B87FCA4009597A2 /* PBXContainerItemProxy */;
		};
		248A03E22B87FD1F009597A2 /* PBXTargetDependency */ = {
			isa = PBXTargetDependency;
			target = 248A03DB2B87FD1F009597A2 /* Networking */;
			targetProxy = 248A03E12B87FD1F009597A2 /* PBXContainerItemProxy */;
		};
		248A03EA2B87FD2E009597A2 /* PBXTargetDependency */ = {
			isa = PBXTargetDependency;
			target = 24B269122B85686A00678012 /* GeckoView */;
			targetProxy = 248A03E92B87FD2E009597A2 /* PBXContainerItemProxy */;
		};
		24B269182B85686A00678012 /* PBXTargetDependency */ = {
			isa = PBXTargetDependency;
			target = 24B269122B85686A00678012 /* GeckoView */;
			targetProxy = 24B269172B85686A00678012 /* PBXContainerItemProxy */;
		};
		24B2692D2B85695700678012 /* PBXTargetDependency */ = {
			isa = PBXTargetDependency;
			target = 24B269262B85695700678012 /* WebContent */;
			targetProxy = 24B2692C2B85695700678012 /* PBXContainerItemProxy */;
		};
		24B269362B8569E800678012 /* PBXTargetDependency */ = {
			isa = PBXTargetDependency;
			target = 24B269122B85686A00678012 /* GeckoView */;
			targetProxy = 24B269352B8569E800678012 /* PBXContainerItemProxy */;
		};
		431C63B02912F53100ABE21B /* PBXTargetDependency */ = {
			isa = PBXTargetDependency;
			target = 431C63972912F52F00ABE21B /* GeckoTestBrowser */;
			targetProxy = 431C63AF2912F53100ABE21B /* PBXContainerItemProxy */;
		};
/* End PBXTargetDependency section */

/* Begin PBXVariantGroup section */
		431C63A62912F53100ABE21B /* LaunchScreen.storyboard */ = {
			isa = PBXVariantGroup;
			children = (
				431C63A72912F53100ABE21B /* Base */,
			);
			name = LaunchScreen.storyboard;
			sourceTree = "<group>";
		};
/* End PBXVariantGroup section */

/* Begin XCBuildConfiguration section */
		248A03D02B87FA35009597A2 /* Debug */ = {
			isa = XCBuildConfiguration;
			buildSettings = {
				ASSETCATALOG_COMPILER_GENERATE_SWIFT_ASSET_SYMBOL_EXTENSIONS = YES;
				CODE_SIGN_ENTITLEMENTS = Rendering/Rendering.entitlements;
				CODE_SIGN_STYLE = Automatic;
				CURRENT_PROJECT_VERSION = 1;
				DEVELOPMENT_TEAM = 43AQ936H96;
				ENABLE_USER_SCRIPT_SANDBOXING = YES;
				GCC_C_LANGUAGE_STANDARD = gnu17;
				GENERATE_INFOPLIST_FILE = YES;
				INFOPLIST_FILE = Rendering/Info.plist;
				INFOPLIST_KEY_CFBundleDisplayName = Rendering;
				INFOPLIST_KEY_NSHumanReadableCopyright = "";
				IPHONEOS_DEPLOYMENT_TARGET = 18.4;
				LD_RUNPATH_SEARCH_PATHS = (
					"$(inherited)",
					"@executable_path/Frameworks",
					"@executable_path/../../Frameworks",
				);
				LOCALIZATION_PREFERS_STRING_CATALOGS = YES;
				MARKETING_VERSION = 1.0;
				PRODUCT_BUNDLE_IDENTIFIER = org.mozilla.ios.GeckoTestBrowser.Rendering;
				PRODUCT_NAME = "$(TARGET_NAME)";
				SKIP_INSTALL = YES;
				SWIFT_ACTIVE_COMPILATION_CONDITIONS = "DEBUG $(inherited)";
				SWIFT_EMIT_LOC_STRINGS = YES;
				SWIFT_VERSION = 5.0;
				TARGETED_DEVICE_FAMILY = "1,2";
			};
			name = Debug;
		};
		248A03D12B87FA35009597A2 /* Release */ = {
			isa = XCBuildConfiguration;
			buildSettings = {
				ASSETCATALOG_COMPILER_GENERATE_SWIFT_ASSET_SYMBOL_EXTENSIONS = YES;
				CODE_SIGN_ENTITLEMENTS = Rendering/Rendering.entitlements;
				CODE_SIGN_STYLE = Automatic;
				CURRENT_PROJECT_VERSION = 1;
				DEVELOPMENT_TEAM = 43AQ936H96;
				ENABLE_USER_SCRIPT_SANDBOXING = YES;
				GCC_C_LANGUAGE_STANDARD = gnu17;
				GENERATE_INFOPLIST_FILE = YES;
				INFOPLIST_FILE = Rendering/Info.plist;
				INFOPLIST_KEY_CFBundleDisplayName = Rendering;
				INFOPLIST_KEY_NSHumanReadableCopyright = "";
				IPHONEOS_DEPLOYMENT_TARGET = 18.4;
				LD_RUNPATH_SEARCH_PATHS = (
					"$(inherited)",
					"@executable_path/Frameworks",
					"@executable_path/../../Frameworks",
				);
				LOCALIZATION_PREFERS_STRING_CATALOGS = YES;
				MARKETING_VERSION = 1.0;
				PRODUCT_BUNDLE_IDENTIFIER = org.mozilla.ios.GeckoTestBrowser.Rendering;
				PRODUCT_NAME = "$(TARGET_NAME)";
				SKIP_INSTALL = YES;
				SWIFT_EMIT_LOC_STRINGS = YES;
				SWIFT_VERSION = 5.0;
				TARGETED_DEVICE_FAMILY = "1,2";
			};
			name = Release;
		};
		248A03E52B87FD1F009597A2 /* Debug */ = {
			isa = XCBuildConfiguration;
			buildSettings = {
				ASSETCATALOG_COMPILER_GENERATE_SWIFT_ASSET_SYMBOL_EXTENSIONS = YES;
				CODE_SIGN_ENTITLEMENTS = Networking/Networking.entitlements;
				CODE_SIGN_STYLE = Automatic;
				CURRENT_PROJECT_VERSION = 1;
				DEVELOPMENT_TEAM = 43AQ936H96;
				ENABLE_USER_SCRIPT_SANDBOXING = YES;
				GCC_C_LANGUAGE_STANDARD = gnu17;
				GENERATE_INFOPLIST_FILE = YES;
				INFOPLIST_FILE = Networking/Info.plist;
				INFOPLIST_KEY_CFBundleDisplayName = Networking;
				INFOPLIST_KEY_NSHumanReadableCopyright = "";
				IPHONEOS_DEPLOYMENT_TARGET = 18.4;
				LD_RUNPATH_SEARCH_PATHS = (
					"$(inherited)",
					"@executable_path/Frameworks",
					"@executable_path/../../Frameworks",
				);
				LOCALIZATION_PREFERS_STRING_CATALOGS = YES;
				MARKETING_VERSION = 1.0;
				PRODUCT_BUNDLE_IDENTIFIER = org.mozilla.ios.GeckoTestBrowser.Networking;
				PRODUCT_NAME = "$(TARGET_NAME)";
				SKIP_INSTALL = YES;
				SWIFT_ACTIVE_COMPILATION_CONDITIONS = "DEBUG $(inherited)";
				SWIFT_EMIT_LOC_STRINGS = YES;
				SWIFT_VERSION = 5.0;
				TARGETED_DEVICE_FAMILY = "1,2";
			};
			name = Debug;
		};
		248A03E62B87FD1F009597A2 /* Release */ = {
			isa = XCBuildConfiguration;
			buildSettings = {
				ASSETCATALOG_COMPILER_GENERATE_SWIFT_ASSET_SYMBOL_EXTENSIONS = YES;
				CODE_SIGN_ENTITLEMENTS = Networking/Networking.entitlements;
				CODE_SIGN_STYLE = Automatic;
				CURRENT_PROJECT_VERSION = 1;
				DEVELOPMENT_TEAM = 43AQ936H96;
				ENABLE_USER_SCRIPT_SANDBOXING = YES;
				GCC_C_LANGUAGE_STANDARD = gnu17;
				GENERATE_INFOPLIST_FILE = YES;
				INFOPLIST_FILE = Networking/Info.plist;
				INFOPLIST_KEY_CFBundleDisplayName = Networking;
				INFOPLIST_KEY_NSHumanReadableCopyright = "";
				IPHONEOS_DEPLOYMENT_TARGET = 18.4;
				LD_RUNPATH_SEARCH_PATHS = (
					"$(inherited)",
					"@executable_path/Frameworks",
					"@executable_path/../../Frameworks",
				);
				LOCALIZATION_PREFERS_STRING_CATALOGS = YES;
				MARKETING_VERSION = 1.0;
				PRODUCT_BUNDLE_IDENTIFIER = org.mozilla.ios.GeckoTestBrowser.Networking;
				PRODUCT_NAME = "$(TARGET_NAME)";
				SKIP_INSTALL = YES;
				SWIFT_EMIT_LOC_STRINGS = YES;
				SWIFT_VERSION = 5.0;
				TARGETED_DEVICE_FAMILY = "1,2";
			};
			name = Release;
		};
		24B2691C2B85686A00678012 /* Debug */ = {
			isa = XCBuildConfiguration;
			buildSettings = {
				ASSETCATALOG_COMPILER_GENERATE_SWIFT_ASSET_SYMBOL_EXTENSIONS = YES;
				CODE_SIGN_IDENTITY = "Apple Development";
				CODE_SIGN_STYLE = Automatic;
				CURRENT_PROJECT_VERSION = 1;
				DEFINES_MODULE = YES;
				DEVELOPMENT_TEAM = 43AQ936H96;
				DYLIB_COMPATIBILITY_VERSION = 1;
				DYLIB_CURRENT_VERSION = 1;
				DYLIB_INSTALL_NAME_BASE = "@rpath";
				ENABLE_MODULE_VERIFIER = YES;
				ENABLE_USER_SCRIPT_SANDBOXING = NO;
				GCC_C_LANGUAGE_STANDARD = gnu17;
				GECKO_TOPSRCDIR = "${SRCROOT}/../../..";
				GENERATE_INFOPLIST_FILE = YES;
				INFOPLIST_KEY_NSHumanReadableCopyright = "";
				INSTALL_PATH = "$(LOCAL_LIBRARY_DIR)/Frameworks";
				IPHONEOS_DEPLOYMENT_TARGET = 18.4;
				LD_RUNPATH_SEARCH_PATHS = (
					"$(inherited)",
					"@executable_path/Frameworks",
					"@loader_path/Frameworks",
				);
				LOCALIZATION_PREFERS_STRING_CATALOGS = YES;
				MARKETING_VERSION = 1.0;
				MODULE_VERIFIER_SUPPORTED_LANGUAGES = "objective-c objective-c++";
				MODULE_VERIFIER_SUPPORTED_LANGUAGE_STANDARDS = "gnu17 gnu++20";
				OTHER_LDFLAGS = "$(BUILT_PRODUCTS_DIR)/$(CONTENTS_FOLDER_PATH)/Frameworks/XUL";
				PRODUCT_BUNDLE_IDENTIFIER = org.mozilla.ios.GeckoTestBrowser.GeckoView;
				PRODUCT_NAME = "$(TARGET_NAME:c99extidentifier)";
				SKIP_INSTALL = YES;
				SUPPORTED_PLATFORMS = "iphoneos iphonesimulator";
				SUPPORTS_MACCATALYST = NO;
				SUPPORTS_MAC_DESIGNED_FOR_IPHONE_IPAD = YES;
				SWIFT_EMIT_LOC_STRINGS = YES;
				SWIFT_VERSION = 5.0;
				TARGETED_DEVICE_FAMILY = "1,2";
				VERSIONING_SYSTEM = "apple-generic";
				VERSION_INFO_PREFIX = "";
			};
			name = Debug;
		};
		24B2691D2B85686A00678012 /* Release */ = {
			isa = XCBuildConfiguration;
			buildSettings = {
				ASSETCATALOG_COMPILER_GENERATE_SWIFT_ASSET_SYMBOL_EXTENSIONS = YES;
				CODE_SIGN_IDENTITY = "Apple Development";
				CODE_SIGN_STYLE = Automatic;
				CURRENT_PROJECT_VERSION = 1;
				DEFINES_MODULE = YES;
				DEVELOPMENT_TEAM = 43AQ936H96;
				DYLIB_COMPATIBILITY_VERSION = 1;
				DYLIB_CURRENT_VERSION = 1;
				DYLIB_INSTALL_NAME_BASE = "@rpath";
				ENABLE_MODULE_VERIFIER = YES;
				ENABLE_USER_SCRIPT_SANDBOXING = NO;
				GCC_C_LANGUAGE_STANDARD = gnu17;
				GECKO_TOPSRCDIR = "${SRCROOT}/../../..";
				GENERATE_INFOPLIST_FILE = YES;
				INFOPLIST_KEY_NSHumanReadableCopyright = "";
				INSTALL_PATH = "$(LOCAL_LIBRARY_DIR)/Frameworks";
				IPHONEOS_DEPLOYMENT_TARGET = 18.4;
				LD_RUNPATH_SEARCH_PATHS = (
					"$(inherited)",
					"@executable_path/Frameworks",
					"@loader_path/Frameworks",
				);
				LOCALIZATION_PREFERS_STRING_CATALOGS = YES;
				MARKETING_VERSION = 1.0;
				MODULE_VERIFIER_SUPPORTED_LANGUAGES = "objective-c objective-c++";
				MODULE_VERIFIER_SUPPORTED_LANGUAGE_STANDARDS = "gnu17 gnu++20";
				OTHER_LDFLAGS = "$(BUILT_PRODUCTS_DIR)/$(CONTENTS_FOLDER_PATH)/Frameworks/XUL";
				PRODUCT_BUNDLE_IDENTIFIER = org.mozilla.ios.GeckoTestBrowser.GeckoView;
				PRODUCT_NAME = "$(TARGET_NAME:c99extidentifier)";
				SKIP_INSTALL = YES;
				SUPPORTED_PLATFORMS = "iphoneos iphonesimulator";
				SUPPORTS_MACCATALYST = NO;
				SUPPORTS_MAC_DESIGNED_FOR_IPHONE_IPAD = YES;
				SWIFT_EMIT_LOC_STRINGS = YES;
				SWIFT_VERSION = 5.0;
				TARGETED_DEVICE_FAMILY = "1,2";
				VERSIONING_SYSTEM = "apple-generic";
				VERSION_INFO_PREFIX = "";
			};
			name = Release;
		};
		24B269302B85695700678012 /* Debug */ = {
			isa = XCBuildConfiguration;
			buildSettings = {
				ASSETCATALOG_COMPILER_GENERATE_SWIFT_ASSET_SYMBOL_EXTENSIONS = YES;
				CODE_SIGN_ENTITLEMENTS = WebContent/WebContent.entitlements;
				CODE_SIGN_STYLE = Automatic;
				CURRENT_PROJECT_VERSION = 1;
				DEVELOPMENT_TEAM = 43AQ936H96;
				ENABLE_USER_SCRIPT_SANDBOXING = YES;
				GCC_C_LANGUAGE_STANDARD = gnu17;
				GENERATE_INFOPLIST_FILE = YES;
				INFOPLIST_FILE = WebContent/Info.plist;
				INFOPLIST_KEY_CFBundleDisplayName = WebContent;
				INFOPLIST_KEY_NSHumanReadableCopyright = "";
				IPHONEOS_DEPLOYMENT_TARGET = 18.4;
				LD_RUNPATH_SEARCH_PATHS = (
					"$(inherited)",
					"@executable_path/Frameworks",
					"@executable_path/../../Frameworks",
				);
				LOCALIZATION_PREFERS_STRING_CATALOGS = YES;
				MARKETING_VERSION = 1.0;
				PRODUCT_BUNDLE_IDENTIFIER = org.mozilla.ios.GeckoTestBrowser.WebContent;
				PRODUCT_NAME = "$(TARGET_NAME)";
				SKIP_INSTALL = YES;
				SWIFT_EMIT_LOC_STRINGS = YES;
				SWIFT_VERSION = 5.0;
				TARGETED_DEVICE_FAMILY = "1,2";
			};
			name = Debug;
		};
		24B269312B85695700678012 /* Release */ = {
			isa = XCBuildConfiguration;
			buildSettings = {
				ASSETCATALOG_COMPILER_GENERATE_SWIFT_ASSET_SYMBOL_EXTENSIONS = YES;
				CODE_SIGN_ENTITLEMENTS = WebContent/WebContent.entitlements;
				CODE_SIGN_STYLE = Automatic;
				CURRENT_PROJECT_VERSION = 1;
				DEVELOPMENT_TEAM = 43AQ936H96;
				ENABLE_USER_SCRIPT_SANDBOXING = YES;
				GCC_C_LANGUAGE_STANDARD = gnu17;
				GENERATE_INFOPLIST_FILE = YES;
				INFOPLIST_FILE = WebContent/Info.plist;
				INFOPLIST_KEY_CFBundleDisplayName = WebContent;
				INFOPLIST_KEY_NSHumanReadableCopyright = "";
				IPHONEOS_DEPLOYMENT_TARGET = 18.4;
				LD_RUNPATH_SEARCH_PATHS = (
					"$(inherited)",
					"@executable_path/Frameworks",
					"@executable_path/../../Frameworks",
				);
				LOCALIZATION_PREFERS_STRING_CATALOGS = YES;
				MARKETING_VERSION = 1.0;
				PRODUCT_BUNDLE_IDENTIFIER = org.mozilla.ios.GeckoTestBrowser.WebContent;
				PRODUCT_NAME = "$(TARGET_NAME)";
				SKIP_INSTALL = YES;
				SWIFT_EMIT_LOC_STRINGS = YES;
				SWIFT_VERSION = 5.0;
				TARGETED_DEVICE_FAMILY = "1,2";
			};
			name = Release;
		};
		431C63C02912F53100ABE21B /* Debug */ = {
			isa = XCBuildConfiguration;
			buildSettings = {
				ALWAYS_SEARCH_USER_PATHS = NO;
				CLANG_ANALYZER_NONNULL = YES;
				CLANG_ANALYZER_NUMBER_OBJECT_CONVERSION = YES_AGGRESSIVE;
				CLANG_CXX_LANGUAGE_STANDARD = "gnu++20";
				CLANG_ENABLE_MODULES = YES;
				CLANG_ENABLE_OBJC_ARC = YES;
				CLANG_ENABLE_OBJC_WEAK = YES;
				CLANG_WARN_BLOCK_CAPTURE_AUTORELEASING = YES;
				CLANG_WARN_BOOL_CONVERSION = YES;
				CLANG_WARN_COMMA = YES;
				CLANG_WARN_CONSTANT_CONVERSION = YES;
				CLANG_WARN_DEPRECATED_OBJC_IMPLEMENTATIONS = YES;
				CLANG_WARN_DIRECT_OBJC_ISA_USAGE = YES_ERROR;
				CLANG_WARN_DOCUMENTATION_COMMENTS = YES;
				CLANG_WARN_EMPTY_BODY = YES;
				CLANG_WARN_ENUM_CONVERSION = YES;
				CLANG_WARN_INFINITE_RECURSION = YES;
				CLANG_WARN_INT_CONVERSION = YES;
				CLANG_WARN_NON_LITERAL_NULL_CONVERSION = YES;
				CLANG_WARN_OBJC_IMPLICIT_RETAIN_SELF = YES;
				CLANG_WARN_OBJC_LITERAL_CONVERSION = YES;
				CLANG_WARN_OBJC_ROOT_CLASS = YES_ERROR;
				CLANG_WARN_QUOTED_INCLUDE_IN_FRAMEWORK_HEADER = YES;
				CLANG_WARN_RANGE_LOOP_ANALYSIS = YES;
				CLANG_WARN_STRICT_PROTOTYPES = YES;
				CLANG_WARN_SUSPICIOUS_MOVE = YES;
				CLANG_WARN_UNGUARDED_AVAILABILITY = YES_AGGRESSIVE;
				CLANG_WARN_UNREACHABLE_CODE = YES;
				CLANG_WARN__DUPLICATE_METHOD_MATCH = YES;
				COPY_PHASE_STRIP = NO;
				DEBUG_INFORMATION_FORMAT = dwarf;
				ENABLE_STRICT_OBJC_MSGSEND = YES;
				ENABLE_TESTABILITY = YES;
				GCC_C_LANGUAGE_STANDARD = gnu17;
				GCC_DYNAMIC_NO_PIC = NO;
				GCC_NO_COMMON_BLOCKS = YES;
				GCC_OPTIMIZATION_LEVEL = 0;
				GCC_PREPROCESSOR_DEFINITIONS = (
					"DEBUG=1",
					"$(inherited)",
				);
				GCC_WARN_64_TO_32_BIT_CONVERSION = YES;
				GCC_WARN_ABOUT_RETURN_TYPE = YES_ERROR;
				GCC_WARN_UNDECLARED_SELECTOR = YES;
				GCC_WARN_UNINITIALIZED_AUTOS = YES_AGGRESSIVE;
				GCC_WARN_UNUSED_FUNCTION = YES;
				GCC_WARN_UNUSED_VARIABLE = YES;
				IPHONEOS_DEPLOYMENT_TARGET = 17.4;
				MTL_ENABLE_DEBUG_INFO = INCLUDE_SOURCE;
				MTL_FAST_MATH = YES;
				ONLY_ACTIVE_ARCH = YES;
				SDKROOT = iphoneos;
				SWIFT_ACTIVE_COMPILATION_CONDITIONS = DEBUG;
				SWIFT_OPTIMIZATION_LEVEL = "-Onone";
			};
			name = Debug;
		};
		431C63C12912F53100ABE21B /* Release */ = {
			isa = XCBuildConfiguration;
			buildSettings = {
				ALWAYS_SEARCH_USER_PATHS = NO;
				CLANG_ANALYZER_NONNULL = YES;
				CLANG_ANALYZER_NUMBER_OBJECT_CONVERSION = YES_AGGRESSIVE;
				CLANG_CXX_LANGUAGE_STANDARD = "gnu++20";
				CLANG_ENABLE_MODULES = YES;
				CLANG_ENABLE_OBJC_ARC = YES;
				CLANG_ENABLE_OBJC_WEAK = YES;
				CLANG_WARN_BLOCK_CAPTURE_AUTORELEASING = YES;
				CLANG_WARN_BOOL_CONVERSION = YES;
				CLANG_WARN_COMMA = YES;
				CLANG_WARN_CONSTANT_CONVERSION = YES;
				CLANG_WARN_DEPRECATED_OBJC_IMPLEMENTATIONS = YES;
				CLANG_WARN_DIRECT_OBJC_ISA_USAGE = YES_ERROR;
				CLANG_WARN_DOCUMENTATION_COMMENTS = YES;
				CLANG_WARN_EMPTY_BODY = YES;
				CLANG_WARN_ENUM_CONVERSION = YES;
				CLANG_WARN_INFINITE_RECURSION = YES;
				CLANG_WARN_INT_CONVERSION = YES;
				CLANG_WARN_NON_LITERAL_NULL_CONVERSION = YES;
				CLANG_WARN_OBJC_IMPLICIT_RETAIN_SELF = YES;
				CLANG_WARN_OBJC_LITERAL_CONVERSION = YES;
				CLANG_WARN_OBJC_ROOT_CLASS = YES_ERROR;
				CLANG_WARN_QUOTED_INCLUDE_IN_FRAMEWORK_HEADER = YES;
				CLANG_WARN_RANGE_LOOP_ANALYSIS = YES;
				CLANG_WARN_STRICT_PROTOTYPES = YES;
				CLANG_WARN_SUSPICIOUS_MOVE = YES;
				CLANG_WARN_UNGUARDED_AVAILABILITY = YES_AGGRESSIVE;
				CLANG_WARN_UNREACHABLE_CODE = YES;
				CLANG_WARN__DUPLICATE_METHOD_MATCH = YES;
				COPY_PHASE_STRIP = NO;
				DEBUG_INFORMATION_FORMAT = "dwarf-with-dsym";
				ENABLE_NS_ASSERTIONS = NO;
				ENABLE_STRICT_OBJC_MSGSEND = YES;
				GCC_C_LANGUAGE_STANDARD = gnu17;
				GCC_NO_COMMON_BLOCKS = YES;
				GCC_WARN_64_TO_32_BIT_CONVERSION = YES;
				GCC_WARN_ABOUT_RETURN_TYPE = YES_ERROR;
				GCC_WARN_UNDECLARED_SELECTOR = YES;
				GCC_WARN_UNINITIALIZED_AUTOS = YES_AGGRESSIVE;
				GCC_WARN_UNUSED_FUNCTION = YES;
				GCC_WARN_UNUSED_VARIABLE = YES;
				IPHONEOS_DEPLOYMENT_TARGET = 17.4;
				MTL_ENABLE_DEBUG_INFO = NO;
				MTL_FAST_MATH = YES;
				ONLY_ACTIVE_ARCH = YES;
				SDKROOT = iphoneos;
				SWIFT_COMPILATION_MODE = wholemodule;
				SWIFT_OPTIMIZATION_LEVEL = "-O";
				VALIDATE_PRODUCT = YES;
			};
			name = Release;
		};
		431C63C32912F53100ABE21B /* Debug */ = {
			isa = XCBuildConfiguration;
			buildSettings = {
				ALWAYS_EMBED_SWIFT_STANDARD_LIBRARIES = YES;
				ASSETCATALOG_COMPILER_APPICON_NAME = AppIcon;
				ASSETCATALOG_COMPILER_GLOBAL_ACCENT_COLOR_NAME = AccentColor;
				CODE_SIGN_ENTITLEMENTS = GeckoTestBrowser/GeckoTestBrowser.entitlements;
				CODE_SIGN_STYLE = Automatic;
				CURRENT_PROJECT_VERSION = 1;
				DEVELOPMENT_TEAM = 43AQ936H96;
				GENERATE_INFOPLIST_FILE = YES;
				INFOPLIST_FILE = GeckoTestBrowser/Info.plist;
				INFOPLIST_KEY_UIApplicationSupportsIndirectInputEvents = YES;
				INFOPLIST_KEY_UILaunchStoryboardName = LaunchScreen;
				INFOPLIST_KEY_UISupportedInterfaceOrientations_iPad = "UIInterfaceOrientationPortrait UIInterfaceOrientationPortraitUpsideDown UIInterfaceOrientationLandscapeLeft UIInterfaceOrientationLandscapeRight";
				INFOPLIST_KEY_UISupportedInterfaceOrientations_iPhone = "UIInterfaceOrientationPortrait UIInterfaceOrientationLandscapeLeft UIInterfaceOrientationLandscapeRight";
				IPHONEOS_DEPLOYMENT_TARGET = 18.4;
				LD_RUNPATH_SEARCH_PATHS = (
					"$(inherited)",
					"@executable_path/Frameworks",
				);
				LOCALIZATION_PREFERS_STRING_CATALOGS = YES;
				MARKETING_VERSION = 1.0;
				PRODUCT_BUNDLE_IDENTIFIER = org.mozilla.ios.GeckoTestBrowser;
				PRODUCT_NAME = "$(TARGET_NAME)";
				SWIFT_EMIT_LOC_STRINGS = YES;
				SWIFT_VERSION = 5.0;
				TARGETED_DEVICE_FAMILY = "1,2";
			};
			name = Debug;
		};
		431C63C42912F53100ABE21B /* Release */ = {
			isa = XCBuildConfiguration;
			buildSettings = {
				ALWAYS_EMBED_SWIFT_STANDARD_LIBRARIES = YES;
				ASSETCATALOG_COMPILER_APPICON_NAME = AppIcon;
				ASSETCATALOG_COMPILER_GLOBAL_ACCENT_COLOR_NAME = AccentColor;
				CODE_SIGN_ENTITLEMENTS = GeckoTestBrowser/GeckoTestBrowser.entitlements;
				CODE_SIGN_STYLE = Automatic;
				CURRENT_PROJECT_VERSION = 1;
				DEVELOPMENT_TEAM = 43AQ936H96;
				GENERATE_INFOPLIST_FILE = YES;
				INFOPLIST_FILE = GeckoTestBrowser/Info.plist;
				INFOPLIST_KEY_UIApplicationSupportsIndirectInputEvents = YES;
				INFOPLIST_KEY_UILaunchStoryboardName = LaunchScreen;
				INFOPLIST_KEY_UISupportedInterfaceOrientations_iPad = "UIInterfaceOrientationPortrait UIInterfaceOrientationPortraitUpsideDown UIInterfaceOrientationLandscapeLeft UIInterfaceOrientationLandscapeRight";
				INFOPLIST_KEY_UISupportedInterfaceOrientations_iPhone = "UIInterfaceOrientationPortrait UIInterfaceOrientationLandscapeLeft UIInterfaceOrientationLandscapeRight";
				IPHONEOS_DEPLOYMENT_TARGET = 18.4;
				LD_RUNPATH_SEARCH_PATHS = (
					"$(inherited)",
					"@executable_path/Frameworks",
				);
				LOCALIZATION_PREFERS_STRING_CATALOGS = YES;
				MARKETING_VERSION = 1.0;
				PRODUCT_BUNDLE_IDENTIFIER = org.mozilla.ios.GeckoTestBrowser;
				PRODUCT_NAME = "$(TARGET_NAME)";
				SWIFT_EMIT_LOC_STRINGS = YES;
				SWIFT_VERSION = 5.0;
				TARGETED_DEVICE_FAMILY = "1,2";
			};
			name = Release;
		};
		431C63C62912F53100ABE21B /* Debug */ = {
			isa = XCBuildConfiguration;
			buildSettings = {
				ALWAYS_EMBED_SWIFT_STANDARD_LIBRARIES = YES;
				BUNDLE_LOADER = "$(TEST_HOST)";
				CLANG_ENABLE_MODULES = YES;
				CODE_SIGN_STYLE = Automatic;
				CURRENT_PROJECT_VERSION = 1;
				DEVELOPMENT_TEAM = 43AQ936H96;
				GENERATE_INFOPLIST_FILE = YES;
				IPHONEOS_DEPLOYMENT_TARGET = 18.4;
				LD_RUNPATH_SEARCH_PATHS = (
					"$(inherited)",
					"@executable_path/Frameworks",
					"@loader_path/Frameworks",
				);
				MARKETING_VERSION = 1.0;
				PRODUCT_BUNDLE_IDENTIFIER = org.mozilla.ios.GeckoTestBrowserTests;
				PRODUCT_NAME = "$(TARGET_NAME)";
				SWIFT_EMIT_LOC_STRINGS = NO;
				SWIFT_OPTIMIZATION_LEVEL = "-Onone";
				SWIFT_VERSION = 5.0;
				TARGETED_DEVICE_FAMILY = "1,2";
				TEST_HOST = "$(BUILT_PRODUCTS_DIR)/GeckoTestBrowser.app/$(BUNDLE_EXECUTABLE_FOLDER_PATH)/GeckoTestBrowser";
			};
			name = Debug;
		};
		431C63C72912F53100ABE21B /* Release */ = {
			isa = XCBuildConfiguration;
			buildSettings = {
				ALWAYS_EMBED_SWIFT_STANDARD_LIBRARIES = YES;
				BUNDLE_LOADER = "$(TEST_HOST)";
				CLANG_ENABLE_MODULES = YES;
				CODE_SIGN_STYLE = Automatic;
				CURRENT_PROJECT_VERSION = 1;
				DEVELOPMENT_TEAM = 43AQ936H96;
				GENERATE_INFOPLIST_FILE = YES;
				IPHONEOS_DEPLOYMENT_TARGET = 18.4;
				LD_RUNPATH_SEARCH_PATHS = (
					"$(inherited)",
					"@executable_path/Frameworks",
					"@loader_path/Frameworks",
				);
				MARKETING_VERSION = 1.0;
				PRODUCT_BUNDLE_IDENTIFIER = org.mozilla.ios.GeckoTestBrowserTests;
				PRODUCT_NAME = "$(TARGET_NAME)";
				SWIFT_EMIT_LOC_STRINGS = NO;
				SWIFT_VERSION = 5.0;
				TARGETED_DEVICE_FAMILY = "1,2";
				TEST_HOST = "$(BUILT_PRODUCTS_DIR)/GeckoTestBrowser.app/$(BUNDLE_EXECUTABLE_FOLDER_PATH)/GeckoTestBrowser";
			};
			name = Release;
		};
/* End XCBuildConfiguration section */

/* Begin XCConfigurationList section */
		248A03CF2B87FA35009597A2 /* Build configuration list for PBXNativeTarget "Rendering" */ = {
			isa = XCConfigurationList;
			buildConfigurations = (
				248A03D02B87FA35009597A2 /* Debug */,
				248A03D12B87FA35009597A2 /* Release */,
			);
			defaultConfigurationIsVisible = 0;
			defaultConfigurationName = Release;
		};
		248A03E42B87FD1F009597A2 /* Build configuration list for PBXNativeTarget "Networking" */ = {
			isa = XCConfigurationList;
			buildConfigurations = (
				248A03E52B87FD1F009597A2 /* Debug */,
				248A03E62B87FD1F009597A2 /* Release */,
			);
			defaultConfigurationIsVisible = 0;
			defaultConfigurationName = Release;
		};
		24B2691B2B85686A00678012 /* Build configuration list for PBXNativeTarget "GeckoView" */ = {
			isa = XCConfigurationList;
			buildConfigurations = (
				24B2691C2B85686A00678012 /* Debug */,
				24B2691D2B85686A00678012 /* Release */,
			);
			defaultConfigurationIsVisible = 0;
			defaultConfigurationName = Release;
		};
		24B2692F2B85695700678012 /* Build configuration list for PBXNativeTarget "WebContent" */ = {
			isa = XCConfigurationList;
			buildConfigurations = (
				24B269302B85695700678012 /* Debug */,
				24B269312B85695700678012 /* Release */,
			);
			defaultConfigurationIsVisible = 0;
			defaultConfigurationName = Release;
		};
		431C63932912F52F00ABE21B /* Build configuration list for PBXProject "GeckoTestBrowser" */ = {
			isa = XCConfigurationList;
			buildConfigurations = (
				431C63C02912F53100ABE21B /* Debug */,
				431C63C12912F53100ABE21B /* Release */,
			);
			defaultConfigurationIsVisible = 0;
			defaultConfigurationName = Release;
		};
		431C63C22912F53100ABE21B /* Build configuration list for PBXNativeTarget "GeckoTestBrowser" */ = {
			isa = XCConfigurationList;
			buildConfigurations = (
				431C63C32912F53100ABE21B /* Debug */,
				431C63C42912F53100ABE21B /* Release */,
			);
			defaultConfigurationIsVisible = 0;
			defaultConfigurationName = Release;
		};
		431C63C52912F53100ABE21B /* Build configuration list for PBXNativeTarget "GeckoTestBrowserTests" */ = {
			isa = XCConfigurationList;
			buildConfigurations = (
				431C63C62912F53100ABE21B /* Debug */,
				431C63C72912F53100ABE21B /* Release */,
			);
			defaultConfigurationIsVisible = 0;
			defaultConfigurationName = Release;
		};
/* End XCConfigurationList section */
	};
	rootObject = 431C63902912F52F00ABE21B /* Project object */;
}
